// !$*UTF8*$!
{
	archiveVersion = 1;
	classes = {
	};
	objectVersion = 50;
	objects = {

/* Begin PBXBuildFile section */
		51109C71DA2BFA5E613DBA85 /* libPods-foodmonster.a in Frameworks */ = {isa = PBXBuildFile; fileRef = 47F4ECF6B63C0C3FB8FBA534 /* libPods-foodmonster.a */; };
		F1409C3A25E4CC7700846534 /* AppDelegate.swift in Sources */ = {isa = PBXBuildFile; fileRef = F1409C3925E4CC7700846534 /* AppDelegate.swift */; };
		F1409C3C25E4CC7700846534 /* SceneDelegate.swift in Sources */ = {isa = PBXBuildFile; fileRef = F1409C3B25E4CC7700846534 /* SceneDelegate.swift */; };
		F1409C3E25E4CC7700846534 /* ViewController.swift in Sources */ = {isa = PBXBuildFile; fileRef = F1409C3D25E4CC7700846534 /* ViewController.swift */; };
		F1409C4125E4CC7700846534 /* Main.storyboard in Resources */ = {isa = PBXBuildFile; fileRef = F1409C3F25E4CC7700846534 /* Main.storyboard */; };
		F1409C4425E4CC7700846534 /* foodmonster.xcdatamodeld in Sources */ = {isa = PBXBuildFile; fileRef = F1409C4225E4CC7700846534 /* foodmonster.xcdatamodeld */; };
		F1409C4625E4CC7800846534 /* Assets.xcassets in Resources */ = {isa = PBXBuildFile; fileRef = F1409C4525E4CC7800846534 /* Assets.xcassets */; };
		F1409C4925E4CC7800846534 /* LaunchScreen.storyboard in Resources */ = {isa = PBXBuildFile; fileRef = F1409C4725E4CC7800846534 /* LaunchScreen.storyboard */; };
		F1409C5425E4CC7800846534 /* foodmonsterTests.swift in Sources */ = {isa = PBXBuildFile; fileRef = F1409C5325E4CC7800846534 /* foodmonsterTests.swift */; };
		F1409C5F25E4CC7800846534 /* foodmonsterUITests.swift in Sources */ = {isa = PBXBuildFile; fileRef = F1409C5E25E4CC7800846534 /* foodmonsterUITests.swift */; };
		F1409C7025E4CC9600846534 /* GoogleService-Info.plist in Resources */ = {isa = PBXBuildFile; fileRef = F1409C6F25E4CC9600846534 /* GoogleService-Info.plist */; };
/* End PBXBuildFile section */

/* Begin PBXContainerItemProxy section */
		F1409C5025E4CC7800846534 /* PBXContainerItemProxy */ = {
			isa = PBXContainerItemProxy;
			containerPortal = F1409C2E25E4CC7700846534 /* Project object */;
			proxyType = 1;
			remoteGlobalIDString = F1409C3525E4CC7700846534;
			remoteInfo = foodmonster;
		};
		F1409C5B25E4CC7800846534 /* PBXContainerItemProxy */ = {
			isa = PBXContainerItemProxy;
			containerPortal = F1409C2E25E4CC7700846534 /* Project object */;
			proxyType = 1;
			remoteGlobalIDString = F1409C3525E4CC7700846534;
			remoteInfo = foodmonster;
		};
/* End PBXContainerItemProxy section */

/* Begin PBXFileReference section */
		32B833D6AAAACDF048F88258 /* Pods-foodmonster.debug.xcconfig */ = {isa = PBXFileReference; includeInIndex = 1; lastKnownFileType = text.xcconfig; name = "Pods-foodmonster.debug.xcconfig"; path = "Target Support Files/Pods-foodmonster/Pods-foodmonster.debug.xcconfig"; sourceTree = "<group>"; };
		32C89C27DE83E3DE888D7B38 /* Pods-foodmonster.release.xcconfig */ = {isa = PBXFileReference; includeInIndex = 1; lastKnownFileType = text.xcconfig; name = "Pods-foodmonster.release.xcconfig"; path = "Target Support Files/Pods-foodmonster/Pods-foodmonster.release.xcconfig"; sourceTree = "<group>"; };
		47F4ECF6B63C0C3FB8FBA534 /* libPods-foodmonster.a */ = {isa = PBXFileReference; explicitFileType = archive.ar; includeInIndex = 0; path = "libPods-foodmonster.a"; sourceTree = BUILT_PRODUCTS_DIR; };
		F1409C3625E4CC7700846534 /* foodmonster.app */ = {isa = PBXFileReference; explicitFileType = wrapper.application; includeInIndex = 0; path = foodmonster.app; sourceTree = BUILT_PRODUCTS_DIR; };
		F1409C3925E4CC7700846534 /* AppDelegate.swift */ = {isa = PBXFileReference; lastKnownFileType = sourcecode.swift; path = AppDelegate.swift; sourceTree = "<group>"; };
		F1409C3B25E4CC7700846534 /* SceneDelegate.swift */ = {isa = PBXFileReference; lastKnownFileType = sourcecode.swift; path = SceneDelegate.swift; sourceTree = "<group>"; };
		F1409C3D25E4CC7700846534 /* ViewController.swift */ = {isa = PBXFileReference; lastKnownFileType = sourcecode.swift; path = ViewController.swift; sourceTree = "<group>"; };
		F1409C4025E4CC7700846534 /* Base */ = {isa = PBXFileReference; lastKnownFileType = file.storyboard; name = Base; path = Base.lproj/Main.storyboard; sourceTree = "<group>"; };
		F1409C4325E4CC7700846534 /* foodmonster.xcdatamodel */ = {isa = PBXFileReference; lastKnownFileType = wrapper.xcdatamodel; path = foodmonster.xcdatamodel; sourceTree = "<group>"; };
		F1409C4525E4CC7800846534 /* Assets.xcassets */ = {isa = PBXFileReference; lastKnownFileType = folder.assetcatalog; path = Assets.xcassets; sourceTree = "<group>"; };
		F1409C4825E4CC7800846534 /* Base */ = {isa = PBXFileReference; lastKnownFileType = file.storyboard; name = Base; path = Base.lproj/LaunchScreen.storyboard; sourceTree = "<group>"; };
		F1409C4A25E4CC7800846534 /* Info.plist */ = {isa = PBXFileReference; lastKnownFileType = text.plist.xml; path = Info.plist; sourceTree = "<group>"; };
		F1409C4F25E4CC7800846534 /* foodmonsterTests.xctest */ = {isa = PBXFileReference; explicitFileType = wrapper.cfbundle; includeInIndex = 0; path = foodmonsterTests.xctest; sourceTree = BUILT_PRODUCTS_DIR; };
		F1409C5325E4CC7800846534 /* foodmonsterTests.swift */ = {isa = PBXFileReference; lastKnownFileType = sourcecode.swift; path = foodmonsterTests.swift; sourceTree = "<group>"; };
		F1409C5525E4CC7800846534 /* Info.plist */ = {isa = PBXFileReference; lastKnownFileType = text.plist.xml; path = Info.plist; sourceTree = "<group>"; };
		F1409C5A25E4CC7800846534 /* foodmonsterUITests.xctest */ = {isa = PBXFileReference; explicitFileType = wrapper.cfbundle; includeInIndex = 0; path = foodmonsterUITests.xctest; sourceTree = BUILT_PRODUCTS_DIR; };
		F1409C5E25E4CC7800846534 /* foodmonsterUITests.swift */ = {isa = PBXFileReference; lastKnownFileType = sourcecode.swift; path = foodmonsterUITests.swift; sourceTree = "<group>"; };
		F1409C6025E4CC7800846534 /* Info.plist */ = {isa = PBXFileReference; lastKnownFileType = text.plist.xml; path = Info.plist; sourceTree = "<group>"; };
		F1409C6F25E4CC9600846534 /* GoogleService-Info.plist */ = {isa = PBXFileReference; fileEncoding = 4; lastKnownFileType = text.plist.xml; path = "GoogleService-Info.plist"; sourceTree = "<group>"; };
/* End PBXFileReference section */

/* Begin PBXFrameworksBuildPhase section */
		F1409C3325E4CC7700846534 /* Frameworks */ = {
			isa = PBXFrameworksBuildPhase;
			buildActionMask = 2147483647;
			files = (
				51109C71DA2BFA5E613DBA85 /* libPods-foodmonster.a in Frameworks */,
			);
			runOnlyForDeploymentPostprocessing = 0;
		};
		F1409C4C25E4CC7800846534 /* Frameworks */ = {
			isa = PBXFrameworksBuildPhase;
			buildActionMask = 2147483647;
			files = (
			);
			runOnlyForDeploymentPostprocessing = 0;
		};
		F1409C5725E4CC7800846534 /* Frameworks */ = {
			isa = PBXFrameworksBuildPhase;
			buildActionMask = 2147483647;
			files = (
			);
			runOnlyForDeploymentPostprocessing = 0;
		};
/* End PBXFrameworksBuildPhase section */

/* Begin PBXGroup section */
		165474E4CBA1F8CDCCD05802 /* Pods */ = {
			isa = PBXGroup;
			children = (
				32B833D6AAAACDF048F88258 /* Pods-foodmonster.debug.xcconfig */,
				32C89C27DE83E3DE888D7B38 /* Pods-foodmonster.release.xcconfig */,
			);
			name = Pods;
			path = Pods;
			sourceTree = "<group>";
		};
		16F0B5E9690FA66E918F9EA5 /* Frameworks */ = {
			isa = PBXGroup;
			children = (
				47F4ECF6B63C0C3FB8FBA534 /* libPods-foodmonster.a */,
			);
			name = Frameworks;
			sourceTree = "<group>";
		};
		F1409C2D25E4CC7700846534 = {
			isa = PBXGroup;
			children = (
				F1409C3825E4CC7700846534 /* foodmonster */,
				F1409C5225E4CC7800846534 /* foodmonsterTests */,
				F1409C5D25E4CC7800846534 /* foodmonsterUITests */,
				F1409C3725E4CC7700846534 /* Products */,
				165474E4CBA1F8CDCCD05802 /* Pods */,
				16F0B5E9690FA66E918F9EA5 /* Frameworks */,
			);
			sourceTree = "<group>";
		};
		F1409C3725E4CC7700846534 /* Products */ = {
			isa = PBXGroup;
			children = (
				F1409C3625E4CC7700846534 /* foodmonster.app */,
				F1409C4F25E4CC7800846534 /* foodmonsterTests.xctest */,
				F1409C5A25E4CC7800846534 /* foodmonsterUITests.xctest */,
			);
			name = Products;
			sourceTree = "<group>";
		};
		F1409C3825E4CC7700846534 /* foodmonster */ = {
			isa = PBXGroup;
			children = (
				F1409C3925E4CC7700846534 /* AppDelegate.swift */,
				F1409C3B25E4CC7700846534 /* SceneDelegate.swift */,
				F1409C3D25E4CC7700846534 /* ViewController.swift */,
				F1409C3F25E4CC7700846534 /* Main.storyboard */,
				F1409C4525E4CC7800846534 /* Assets.xcassets */,
				F1409C4725E4CC7800846534 /* LaunchScreen.storyboard */,
				F1409C4A25E4CC7800846534 /* Info.plist */,
				F1409C4225E4CC7700846534 /* foodmonster.xcdatamodeld */,
				F1409C6F25E4CC9600846534 /* GoogleService-Info.plist */,
			);
			path = foodmonster;
			sourceTree = "<group>";
		};
		F1409C5225E4CC7800846534 /* foodmonsterTests */ = {
			isa = PBXGroup;
			children = (
				F1409C5325E4CC7800846534 /* foodmonsterTests.swift */,
				F1409C5525E4CC7800846534 /* Info.plist */,
			);
			path = foodmonsterTests;
			sourceTree = "<group>";
		};
		F1409C5D25E4CC7800846534 /* foodmonsterUITests */ = {
			isa = PBXGroup;
			children = (
				F1409C5E25E4CC7800846534 /* foodmonsterUITests.swift */,
				F1409C6025E4CC7800846534 /* Info.plist */,
			);
			path = foodmonsterUITests;
			sourceTree = "<group>";
		};
/* End PBXGroup section */

/* Begin PBXNativeTarget section */
		F1409C3525E4CC7700846534 /* foodmonster */ = {
			isa = PBXNativeTarget;
			buildConfigurationList = F1409C6325E4CC7800846534 /* Build configuration list for PBXNativeTarget "foodmonster" */;
			buildPhases = (
				A30E761DE7C355E4C2157BF9 /* [CP] Check Pods Manifest.lock */,
				F1409C3225E4CC7700846534 /* Sources */,
				F1409C3325E4CC7700846534 /* Frameworks */,
				F1409C3425E4CC7700846534 /* Resources */,
				D05507BEBE35ACCB288B2429 /* [CP] Copy Pods Resources */,
			);
			buildRules = (
			);
			dependencies = (
			);
			name = foodmonster;
			productName = foodmonster;
			productReference = F1409C3625E4CC7700846534 /* foodmonster.app */;
			productType = "com.apple.product-type.application";
		};
		F1409C4E25E4CC7800846534 /* foodmonsterTests */ = {
			isa = PBXNativeTarget;
			buildConfigurationList = F1409C6625E4CC7800846534 /* Build configuration list for PBXNativeTarget "foodmonsterTests" */;
			buildPhases = (
				F1409C4B25E4CC7800846534 /* Sources */,
				F1409C4C25E4CC7800846534 /* Frameworks */,
				F1409C4D25E4CC7800846534 /* Resources */,
			);
			buildRules = (
			);
			dependencies = (
				F1409C5125E4CC7800846534 /* PBXTargetDependency */,
			);
			name = foodmonsterTests;
			productName = foodmonsterTests;
			productReference = F1409C4F25E4CC7800846534 /* foodmonsterTests.xctest */;
			productType = "com.apple.product-type.bundle.unit-test";
		};
		F1409C5925E4CC7800846534 /* foodmonsterUITests */ = {
			isa = PBXNativeTarget;
			buildConfigurationList = F1409C6925E4CC7800846534 /* Build configuration list for PBXNativeTarget "foodmonsterUITests" */;
			buildPhases = (
				F1409C5625E4CC7800846534 /* Sources */,
				F1409C5725E4CC7800846534 /* Frameworks */,
				F1409C5825E4CC7800846534 /* Resources */,
			);
			buildRules = (
			);
			dependencies = (
				F1409C5C25E4CC7800846534 /* PBXTargetDependency */,
			);
			name = foodmonsterUITests;
			productName = foodmonsterUITests;
			productReference = F1409C5A25E4CC7800846534 /* foodmonsterUITests.xctest */;
			productType = "com.apple.product-type.bundle.ui-testing";
		};
/* End PBXNativeTarget section */

/* Begin PBXProject section */
		F1409C2E25E4CC7700846534 /* Project object */ = {
			isa = PBXProject;
			attributes = {
				LastSwiftUpdateCheck = 1240;
				LastUpgradeCheck = 1240;
				TargetAttributes = {
					F1409C3525E4CC7700846534 = {
						CreatedOnToolsVersion = 12.4;
					};
					F1409C4E25E4CC7800846534 = {
						CreatedOnToolsVersion = 12.4;
						TestTargetID = F1409C3525E4CC7700846534;
					};
					F1409C5925E4CC7800846534 = {
						CreatedOnToolsVersion = 12.4;
						TestTargetID = F1409C3525E4CC7700846534;
					};
				};
			};
			buildConfigurationList = F1409C3125E4CC7700846534 /* Build configuration list for PBXProject "foodmonster" */;
			compatibilityVersion = "Xcode 9.3";
			developmentRegion = en;
			hasScannedForEncodings = 0;
			knownRegions = (
				en,
				Base,
			);
			mainGroup = F1409C2D25E4CC7700846534;
			productRefGroup = F1409C3725E4CC7700846534 /* Products */;
			projectDirPath = "";
			projectRoot = "";
			targets = (
				F1409C3525E4CC7700846534 /* foodmonster */,
				F1409C4E25E4CC7800846534 /* foodmonsterTests */,
				F1409C5925E4CC7800846534 /* foodmonsterUITests */,
			);
		};
/* End PBXProject section */

/* Begin PBXResourcesBuildPhase section */
		F1409C3425E4CC7700846534 /* Resources */ = {
			isa = PBXResourcesBuildPhase;
			buildActionMask = 2147483647;
			files = (
				F1409C4925E4CC7800846534 /* LaunchScreen.storyboard in Resources */,
				F1409C7025E4CC9600846534 /* GoogleService-Info.plist in Resources */,
				F1409C4625E4CC7800846534 /* Assets.xcassets in Resources */,
				F1409C4125E4CC7700846534 /* Main.storyboard in Resources */,
			);
			runOnlyForDeploymentPostprocessing = 0;
		};
		F1409C4D25E4CC7800846534 /* Resources */ = {
			isa = PBXResourcesBuildPhase;
			buildActionMask = 2147483647;
			files = (
			);
			runOnlyForDeploymentPostprocessing = 0;
		};
		F1409C5825E4CC7800846534 /* Resources */ = {
			isa = PBXResourcesBuildPhase;
			buildActionMask = 2147483647;
			files = (
			);
			runOnlyForDeploymentPostprocessing = 0;
		};
/* End PBXResourcesBuildPhase section */

/* Begin PBXShellScriptBuildPhase section */
		A30E761DE7C355E4C2157BF9 /* [CP] Check Pods Manifest.lock */ = {
			isa = PBXShellScriptBuildPhase;
			buildActionMask = 2147483647;
			files = (
			);
			inputFileListPaths = (
			);
			inputPaths = (
				"${PODS_PODFILE_DIR_PATH}/Podfile.lock",
				"${PODS_ROOT}/Manifest.lock",
			);
			name = "[CP] Check Pods Manifest.lock";
			outputFileListPaths = (
			);
			outputPaths = (
				"$(DERIVED_FILE_DIR)/Pods-foodmonster-checkManifestLockResult.txt",
			);
			runOnlyForDeploymentPostprocessing = 0;
			shellPath = /bin/sh;
			shellScript = "diff \"${PODS_PODFILE_DIR_PATH}/Podfile.lock\" \"${PODS_ROOT}/Manifest.lock\" > /dev/null\nif [ $? != 0 ] ; then\n    # print error to STDERR\n    echo \"error: The sandbox is not in sync with the Podfile.lock. Run 'pod install' or update your CocoaPods installation.\" >&2\n    exit 1\nfi\n# This output is used by Xcode 'outputs' to avoid re-running this script phase.\necho \"SUCCESS\" > \"${SCRIPT_OUTPUT_FILE_0}\"\n";
			showEnvVarsInLog = 0;
		};
		D05507BEBE35ACCB288B2429 /* [CP] Copy Pods Resources */ = {
			isa = PBXShellScriptBuildPhase;
			buildActionMask = 2147483647;
			files = (
			);
			inputFileListPaths = (
				"${PODS_ROOT}/Target Support Files/Pods-foodmonster/Pods-foodmonster-resources-${CONFIGURATION}-input-files.xcfilelist",
			);
			name = "[CP] Copy Pods Resources";
			outputFileListPaths = (
				"${PODS_ROOT}/Target Support Files/Pods-foodmonster/Pods-foodmonster-resources-${CONFIGURATION}-output-files.xcfilelist",
			);
			runOnlyForDeploymentPostprocessing = 0;
			shellPath = /bin/sh;
			shellScript = "\"${PODS_ROOT}/Target Support Files/Pods-foodmonster/Pods-foodmonster-resources.sh\"\n";
			showEnvVarsInLog = 0;
		};
/* End PBXShellScriptBuildPhase section */

/* Begin PBXSourcesBuildPhase section */
		F1409C3225E4CC7700846534 /* Sources */ = {
			isa = PBXSourcesBuildPhase;
			buildActionMask = 2147483647;
			files = (
				F1409C4425E4CC7700846534 /* foodmonster.xcdatamodeld in Sources */,
				F1409C3E25E4CC7700846534 /* ViewController.swift in Sources */,
				F1409C3A25E4CC7700846534 /* AppDelegate.swift in Sources */,
				F1409C3C25E4CC7700846534 /* SceneDelegate.swift in Sources */,
			);
			runOnlyForDeploymentPostprocessing = 0;
		};
		F1409C4B25E4CC7800846534 /* Sources */ = {
			isa = PBXSourcesBuildPhase;
			buildActionMask = 2147483647;
			files = (
				F1409C5425E4CC7800846534 /* foodmonsterTests.swift in Sources */,
			);
			runOnlyForDeploymentPostprocessing = 0;
		};
		F1409C5625E4CC7800846534 /* Sources */ = {
			isa = PBXSourcesBuildPhase;
			buildActionMask = 2147483647;
			files = (
				F1409C5F25E4CC7800846534 /* foodmonsterUITests.swift in Sources */,
			);
			runOnlyForDeploymentPostprocessing = 0;
		};
/* End PBXSourcesBuildPhase section */

/* Begin PBXTargetDependency section */
		F1409C5125E4CC7800846534 /* PBXTargetDependency */ = {
			isa = PBXTargetDependency;
			target = F1409C3525E4CC7700846534 /* foodmonster */;
			targetProxy = F1409C5025E4CC7800846534 /* PBXContainerItemProxy */;
		};
		F1409C5C25E4CC7800846534 /* PBXTargetDependency */ = {
			isa = PBXTargetDependency;
			target = F1409C3525E4CC7700846534 /* foodmonster */;
			targetProxy = F1409C5B25E4CC7800846534 /* PBXContainerItemProxy */;
		};
/* End PBXTargetDependency section */

/* Begin PBXVariantGroup section */
		F1409C3F25E4CC7700846534 /* Main.storyboard */ = {
			isa = PBXVariantGroup;
			children = (
				F1409C4025E4CC7700846534 /* Base */,
			);
			name = Main.storyboard;
			sourceTree = "<group>";
		};
		F1409C4725E4CC7800846534 /* LaunchScreen.storyboard */ = {
			isa = PBXVariantGroup;
			children = (
				F1409C4825E4CC7800846534 /* Base */,
			);
			name = LaunchScreen.storyboard;
			sourceTree = "<group>";
		};
/* End PBXVariantGroup section */

/* Begin XCBuildConfiguration section */
		F1409C6125E4CC7800846534 /* Debug */ = {
			isa = XCBuildConfiguration;
			buildSettings = {
				ALWAYS_SEARCH_USER_PATHS = NO;
				CLANG_ANALYZER_NONNULL = YES;
				CLANG_ANALYZER_NUMBER_OBJECT_CONVERSION = YES_AGGRESSIVE;
				CLANG_CXX_LANGUAGE_STANDARD = "gnu++14";
				CLANG_CXX_LIBRARY = "libc++";
				CLANG_ENABLE_MODULES = YES;
				CLANG_ENABLE_OBJC_ARC = YES;
				CLANG_ENABLE_OBJC_WEAK = YES;
				CLANG_WARN_BLOCK_CAPTURE_AUTORELEASING = YES;
				CLANG_WARN_BOOL_CONVERSION = YES;
				CLANG_WARN_COMMA = YES;
				CLANG_WARN_CONSTANT_CONVERSION = YES;
				CLANG_WARN_DEPRECATED_OBJC_IMPLEMENTATIONS = YES;
				CLANG_WARN_DIRECT_OBJC_ISA_USAGE = YES_ERROR;
				CLANG_WARN_DOCUMENTATION_COMMENTS = YES;
				CLANG_WARN_EMPTY_BODY = YES;
				CLANG_WARN_ENUM_CONVERSION = YES;
				CLANG_WARN_INFINITE_RECURSION = YES;
				CLANG_WARN_INT_CONVERSION = YES;
				CLANG_WARN_NON_LITERAL_NULL_CONVERSION = YES;
				CLANG_WARN_OBJC_IMPLICIT_RETAIN_SELF = YES;
				CLANG_WARN_OBJC_LITERAL_CONVERSION = YES;
				CLANG_WARN_OBJC_ROOT_CLASS = YES_ERROR;
				CLANG_WARN_QUOTED_INCLUDE_IN_FRAMEWORK_HEADER = YES;
				CLANG_WARN_RANGE_LOOP_ANALYSIS = YES;
				CLANG_WARN_STRICT_PROTOTYPES = YES;
				CLANG_WARN_SUSPICIOUS_MOVE = YES;
				CLANG_WARN_UNGUARDED_AVAILABILITY = YES_AGGRESSIVE;
				CLANG_WARN_UNREACHABLE_CODE = YES;
				CLANG_WARN__DUPLICATE_METHOD_MATCH = YES;
				COPY_PHASE_STRIP = NO;
				DEBUG_INFORMATION_FORMAT = dwarf;
				ENABLE_STRICT_OBJC_MSGSEND = YES;
				ENABLE_TESTABILITY = YES;
				GCC_C_LANGUAGE_STANDARD = gnu11;
				GCC_DYNAMIC_NO_PIC = NO;
				GCC_NO_COMMON_BLOCKS = YES;
				GCC_OPTIMIZATION_LEVEL = 0;
				GCC_PREPROCESSOR_DEFINITIONS = (
					"DEBUG=1",
					"$(inherited)",
				);
				GCC_WARN_64_TO_32_BIT_CONVERSION = YES;
				GCC_WARN_ABOUT_RETURN_TYPE = YES_ERROR;
				GCC_WARN_UNDECLARED_SELECTOR = YES;
				GCC_WARN_UNINITIALIZED_AUTOS = YES_AGGRESSIVE;
				GCC_WARN_UNUSED_FUNCTION = YES;
				GCC_WARN_UNUSED_VARIABLE = YES;
				IPHONEOS_DEPLOYMENT_TARGET = 13.0;
				MTL_ENABLE_DEBUG_INFO = INCLUDE_SOURCE;
				MTL_FAST_MATH = YES;
				ONLY_ACTIVE_ARCH = YES;
				SDKROOT = iphoneos;
				SWIFT_ACTIVE_COMPILATION_CONDITIONS = DEBUG;
				SWIFT_OPTIMIZATION_LEVEL = "-Onone";
			};
			name = Debug;
		};
		F1409C6225E4CC7800846534 /* Release */ = {
			isa = XCBuildConfiguration;
			buildSettings = {
				ALWAYS_SEARCH_USER_PATHS = NO;
				CLANG_ANALYZER_NONNULL = YES;
				CLANG_ANALYZER_NUMBER_OBJECT_CONVERSION = YES_AGGRESSIVE;
				CLANG_CXX_LANGUAGE_STANDARD = "gnu++14";
				CLANG_CXX_LIBRARY = "libc++";
				CLANG_ENABLE_MODULES = YES;
				CLANG_ENABLE_OBJC_ARC = YES;
				CLANG_ENABLE_OBJC_WEAK = YES;
				CLANG_WARN_BLOCK_CAPTURE_AUTORELEASING = YES;
				CLANG_WARN_BOOL_CONVERSION = YES;
				CLANG_WARN_COMMA = YES;
				CLANG_WARN_CONSTANT_CONVERSION = YES;
				CLANG_WARN_DEPRECATED_OBJC_IMPLEMENTATIONS = YES;
				CLANG_WARN_DIRECT_OBJC_ISA_USAGE = YES_ERROR;
				CLANG_WARN_DOCUMENTATION_COMMENTS = YES;
				CLANG_WARN_EMPTY_BODY = YES;
				CLANG_WARN_ENUM_CONVERSION = YES;
				CLANG_WARN_INFINITE_RECURSION = YES;
				CLANG_WARN_INT_CONVERSION = YES;
				CLANG_WARN_NON_LITERAL_NULL_CONVERSION = YES;
				CLANG_WARN_OBJC_IMPLICIT_RETAIN_SELF = YES;
				CLANG_WARN_OBJC_LITERAL_CONVERSION = YES;
				CLANG_WARN_OBJC_ROOT_CLASS = YES_ERROR;
				CLANG_WARN_QUOTED_INCLUDE_IN_FRAMEWORK_HEADER = YES;
				CLANG_WARN_RANGE_LOOP_ANALYSIS = YES;
				CLANG_WARN_STRICT_PROTOTYPES = YES;
				CLANG_WARN_SUSPICIOUS_MOVE = YES;
				CLANG_WARN_UNGUARDED_AVAILABILITY = YES_AGGRESSIVE;
				CLANG_WARN_UNREACHABLE_CODE = YES;
				CLANG_WARN__DUPLICATE_METHOD_MATCH = YES;
				COPY_PHASE_STRIP = NO;
				DEBUG_INFORMATION_FORMAT = "dwarf-with-dsym";
				ENABLE_NS_ASSERTIONS = NO;
				ENABLE_STRICT_OBJC_MSGSEND = YES;
				GCC_C_LANGUAGE_STANDARD = gnu11;
				GCC_NO_COMMON_BLOCKS = YES;
				GCC_WARN_64_TO_32_BIT_CONVERSION = YES;
				GCC_WARN_ABOUT_RETURN_TYPE = YES_ERROR;
				GCC_WARN_UNDECLARED_SELECTOR = YES;
				GCC_WARN_UNINITIALIZED_AUTOS = YES_AGGRESSIVE;
				GCC_WARN_UNUSED_FUNCTION = YES;
				GCC_WARN_UNUSED_VARIABLE = YES;
				IPHONEOS_DEPLOYMENT_TARGET = 13.0;
				MTL_ENABLE_DEBUG_INFO = NO;
				MTL_FAST_MATH = YES;
				SDKROOT = iphoneos;
				SWIFT_COMPILATION_MODE = wholemodule;
				SWIFT_OPTIMIZATION_LEVEL = "-O";
				VALIDATE_PRODUCT = YES;
			};
			name = Release;
		};
		F1409C6425E4CC7800846534 /* Debug */ = {
			isa = XCBuildConfiguration;
			baseConfigurationReference = 32B833D6AAAACDF048F88258 /* Pods-foodmonster.debug.xcconfig */;
			buildSettings = {
				ASSETCATALOG_COMPILER_APPICON_NAME = AppIcon;
				ASSETCATALOG_COMPILER_GLOBAL_ACCENT_COLOR_NAME = AccentColor;
				CODE_SIGN_STYLE = Automatic;
				DEVELOPMENT_TEAM = 4NW94WU93C;
				INFOPLIST_FILE = foodmonster/Info.plist;
				IPHONEOS_DEPLOYMENT_TARGET = 13.0;
				LD_RUNPATH_SEARCH_PATHS = (
					"$(inherited)",
					"@executable_path/Frameworks",
				);
				PRODUCT_BUNDLE_IDENTIFIER = com.foodcrunch.foodmonster;
				PRODUCT_NAME = "$(TARGET_NAME)";
				SWIFT_VERSION = 5.0;
				TARGETED_DEVICE_FAMILY = "1,2";
			};
			name = Debug;
		};
		F1409C6525E4CC7800846534 /* Release */ = {
			isa = XCBuildConfiguration;
			baseConfigurationReference = 32C89C27DE83E3DE888D7B38 /* Pods-foodmonster.release.xcconfig */;
			buildSettings = {
				ASSETCATALOG_COMPILER_APPICON_NAME = AppIcon;
				ASSETCATALOG_COMPILER_GLOBAL_ACCENT_COLOR_NAME = AccentColor;
				CODE_SIGN_STYLE = Automatic;
				DEVELOPMENT_TEAM = 4NW94WU93C;
				INFOPLIST_FILE = foodmonster/Info.plist;
				IPHONEOS_DEPLOYMENT_TARGET = 13.0;
				LD_RUNPATH_SEARCH_PATHS = (
					"$(inherited)",
					"@executable_path/Frameworks",
				);
				PRODUCT_BUNDLE_IDENTIFIER = com.foodcrunch.foodmonster;
				PRODUCT_NAME = "$(TARGET_NAME)";
				SWIFT_VERSION = 5.0;
				TARGETED_DEVICE_FAMILY = "1,2";
			};
			name = Release;
		};
		F1409C6725E4CC7800846534 /* Debug */ = {
			isa = XCBuildConfiguration;
			buildSettings = {
				ALWAYS_EMBED_SWIFT_STANDARD_LIBRARIES = YES;
				BUNDLE_LOADER = "$(TEST_HOST)";
				CODE_SIGN_STYLE = Automatic;
				INFOPLIST_FILE = foodmonsterTests/Info.plist;
				IPHONEOS_DEPLOYMENT_TARGET = 14.4;
				LD_RUNPATH_SEARCH_PATHS = (
					"$(inherited)",
					"@executable_path/Frameworks",
					"@loader_path/Frameworks",
				);
				PRODUCT_BUNDLE_IDENTIFIER = com.foodcrunch.foodmonsterTests;
				PRODUCT_NAME = "$(TARGET_NAME)";
				SWIFT_VERSION = 5.0;
				TARGETED_DEVICE_FAMILY = "1,2";
				TEST_HOST = "$(BUILT_PRODUCTS_DIR)/foodmonster.app/foodmonster";
			};
			name = Debug;
		};
		F1409C6825E4CC7800846534 /* Release */ = {
			isa = XCBuildConfiguration;
			buildSettings = {
				ALWAYS_EMBED_SWIFT_STANDARD_LIBRARIES = YES;
				BUNDLE_LOADER = "$(TEST_HOST)";
				CODE_SIGN_STYLE = Automatic;
				INFOPLIST_FILE = foodmonsterTests/Info.plist;
				IPHONEOS_DEPLOYMENT_TARGET = 14.4;
				LD_RUNPATH_SEARCH_PATHS = (
					"$(inherited)",
					"@executable_path/Frameworks",
					"@loader_path/Frameworks",
				);
				PRODUCT_BUNDLE_IDENTIFIER = com.foodcrunch.foodmonsterTests;
				PRODUCT_NAME = "$(TARGET_NAME)";
				SWIFT_VERSION = 5.0;
				TARGETED_DEVICE_FAMILY = "1,2";
				TEST_HOST = "$(BUILT_PRODUCTS_DIR)/foodmonster.app/foodmonster";
			};
			name = Release;
		};
		F1409C6A25E4CC7800846534 /* Debug */ = {
			isa = XCBuildConfiguration;
			buildSettings = {
				ALWAYS_EMBED_SWIFT_STANDARD_LIBRARIES = YES;
				CODE_SIGN_STYLE = Automatic;
				INFOPLIST_FILE = foodmonsterUITests/Info.plist;
				LD_RUNPATH_SEARCH_PATHS = (
					"$(inherited)",
					"@executable_path/Frameworks",
					"@loader_path/Frameworks",
				);
				PRODUCT_BUNDLE_IDENTIFIER = com.foodcrunch.foodmonsterUITests;
				PRODUCT_NAME = "$(TARGET_NAME)";
				SWIFT_VERSION = 5.0;
				TARGETED_DEVICE_FAMILY = "1,2";
				TEST_TARGET_NAME = foodmonster;
			};
			name = Debug;
		};
		F1409C6B25E4CC7800846534 /* Release */ = {
			isa = XCBuildConfiguration;
			buildSettings = {
				ALWAYS_EMBED_SWIFT_STANDARD_LIBRARIES = YES;
				CODE_SIGN_STYLE = Automatic;
				INFOPLIST_FILE = foodmonsterUITests/Info.plist;
				LD_RUNPATH_SEARCH_PATHS = (
					"$(inherited)",
					"@executable_path/Frameworks",
					"@loader_path/Frameworks",
				);
				PRODUCT_BUNDLE_IDENTIFIER = com.foodcrunch.foodmonsterUITests;
				PRODUCT_NAME = "$(TARGET_NAME)";
				SWIFT_VERSION = 5.0;
				TARGETED_DEVICE_FAMILY = "1,2";
				TEST_TARGET_NAME = foodmonster;
			};
			name = Release;
		};
/* End XCBuildConfiguration section */

/* Begin XCConfigurationList section */
		F1409C3125E4CC7700846534 /* Build configuration list for PBXProject "foodmonster" */ = {
			isa = XCConfigurationList;
			buildConfigurations = (
				F1409C6125E4CC7800846534 /* Debug */,
				F1409C6225E4CC7800846534 /* Release */,
			);
			defaultConfigurationIsVisible = 0;
			defaultConfigurationName = Release;
		};
		F1409C6325E4CC7800846534 /* Build configuration list for PBXNativeTarget "foodmonster" */ = {
			isa = XCConfigurationList;
			buildConfigurations = (
				F1409C6425E4CC7800846534 /* Debug */,
				F1409C6525E4CC7800846534 /* Release */,
			);
			defaultConfigurationIsVisible = 0;
			defaultConfigurationName = Release;
		};
		F1409C6625E4CC7800846534 /* Build configuration list for PBXNativeTarget "foodmonsterTests" */ = {
			isa = XCConfigurationList;
			buildConfigurations = (
				F1409C6725E4CC7800846534 /* Debug */,
				F1409C6825E4CC7800846534 /* Release */,
			);
			defaultConfigurationIsVisible = 0;
			defaultConfigurationName = Release;
		};
		F1409C6925E4CC7800846534 /* Build configuration list for PBXNativeTarget "foodmonsterUITests" */ = {
			isa = XCConfigurationList;
			buildConfigurations = (
				F1409C6A25E4CC7800846534 /* Debug */,
				F1409C6B25E4CC7800846534 /* Release */,
			);
			defaultConfigurationIsVisible = 0;
			defaultConfigurationName = Release;
		};
/* End XCConfigurationList section */

/* Begin XCVersionGroup section */
		F1409C4225E4CC7700846534 /* foodmonster.xcdatamodeld */ = {
			isa = XCVersionGroup;
			children = (
				F1409C4325E4CC7700846534 /* foodmonster.xcdatamodel */,
			);
			currentVersion = F1409C4325E4CC7700846534 /* foodmonster.xcdatamodel */;
			path = foodmonster.xcdatamodeld;
			sourceTree = "<group>";
			versionGroupType = wrapper.xcdatamodel;
		};
/* End XCVersionGroup section */
	};
	rootObject = F1409C2E25E4CC7700846534 /* Project object */;
}
