// !$*UTF8*$!
{
	archiveVersion = 1;
	classes = {
	};
	objectVersion = 51;
	objects = {

/* Begin PBXBuildFile section */
		D15135189BCD2FFB4F29312E /* Pods_foodmonster.framework in Frameworks */ = {isa = PBXBuildFile; fileRef = D014C2DE2E36D3F61FC8092D /* Pods_foodmonster.framework */; };
		F11B14A425E4D5950001F1C5 /* Constant.swift in Sources */ = {isa = PBXBuildFile; fileRef = F11B14A125E4D5940001F1C5 /* Constant.swift */; };
		F11B14A525E4D5950001F1C5 /* AppTabBar.swift in Sources */ = {isa = PBXBuildFile; fileRef = F11B14A225E4D5940001F1C5 /* AppTabBar.swift */; };
		F11B14A625E4D5950001F1C5 /* TabBarViewController.swift in Sources */ = {isa = PBXBuildFile; fileRef = F11B14A325E4D5950001F1C5 /* TabBarViewController.swift */; };
		F11B14B725E4D5DF0001F1C5 /* Main.storyboard in Resources */ = {isa = PBXBuildFile; fileRef = F11B14B525E4D5DE0001F1C5 /* Main.storyboard */; };
		F11B14B825E4D5DF0001F1C5 /* LaunchScreen.storyboard in Resources */ = {isa = PBXBuildFile; fileRef = F11B14B625E4D5DF0001F1C5 /* LaunchScreen.storyboard */; };
		F11B150F25E4D6080001F1C5 /* Cells.swift in Sources */ = {isa = PBXBuildFile; fileRef = F11B14C025E4D6060001F1C5 /* Cells.swift */; };
		F11B151025E4D6080001F1C5 /* ASCIIControlCharacter.swift in Sources */ = {isa = PBXBuildFile; fileRef = F11B14C125E4D6060001F1C5 /* ASCIIControlCharacter.swift */; };
		F11B151125E4D6080001F1C5 /* MainMenu.swift in Sources */ = {isa = PBXBuildFile; fileRef = F11B14C225E4D6060001F1C5 /* MainMenu.swift */; };
		F11B151225E4D6080001F1C5 /* Seque.swift in Sources */ = {isa = PBXBuildFile; fileRef = F11B14C325E4D6060001F1C5 /* Seque.swift */; };
		F11B151425E4D6080001F1C5 /* FoodPurchaseTableViewCellViewModelProtocol.swift in Sources */ = {isa = PBXBuildFile; fileRef = F11B14C825E4D6070001F1C5 /* FoodPurchaseTableViewCellViewModelProtocol.swift */; };
		F11B151525E4D6080001F1C5 /* IngredientTableViewCellViewModelProtocol.swift in Sources */ = {isa = PBXBuildFile; fileRef = F11B14C925E4D6070001F1C5 /* IngredientTableViewCellViewModelProtocol.swift */; };
		F11B151625E4D6080001F1C5 /* HeaderPurchaseTableViewCellViewModelProtocol.swift in Sources */ = {isa = PBXBuildFile; fileRef = F11B14CA25E4D6070001F1C5 /* HeaderPurchaseTableViewCellViewModelProtocol.swift */; };
		F11B151725E4D6080001F1C5 /* RecipeTableViewCellViewModelProtocol.swift in Sources */ = {isa = PBXBuildFile; fileRef = F11B14CB25E4D6070001F1C5 /* RecipeTableViewCellViewModelProtocol.swift */; };
		F11B151825E4D6080001F1C5 /* StepOfRecipeTableViewCellViewModelProtocol.swift in Sources */ = {isa = PBXBuildFile; fileRef = F11B14CC25E4D6070001F1C5 /* StepOfRecipeTableViewCellViewModelProtocol.swift */; };
		F11B151F25E4D6080001F1C5 /* Recipe.swift in Sources */ = {isa = PBXBuildFile; fileRef = F11B14D625E4D6070001F1C5 /* Recipe.swift */; };
		F11B152025E4D6080001F1C5 /* Purchase.swift in Sources */ = {isa = PBXBuildFile; fileRef = F11B14D725E4D6070001F1C5 /* Purchase.swift */; };
		F11B152125E4D6080001F1C5 /* Step.swift in Sources */ = {isa = PBXBuildFile; fileRef = F11B14D825E4D6070001F1C5 /* Step.swift */; };
		F11B152225E4D6080001F1C5 /* Food.swift in Sources */ = {isa = PBXBuildFile; fileRef = F11B14D925E4D6070001F1C5 /* Food.swift */; };
		F11B152325E4D6080001F1C5 /* Credentials.swift in Sources */ = {isa = PBXBuildFile; fileRef = F11B14DA25E4D6070001F1C5 /* Credentials.swift */; };
		F11B152425E4D6080001F1C5 /* RecipeDetailTableViewController.swift in Sources */ = {isa = PBXBuildFile; fileRef = F11B14DC25E4D6070001F1C5 /* RecipeDetailTableViewController.swift */; };
		F11B152525E4D6080001F1C5 /* PurchaseTableViewController.swift in Sources */ = {isa = PBXBuildFile; fileRef = F11B14DD25E4D6070001F1C5 /* PurchaseTableViewController.swift */; };
		F11B152625E4D6080001F1C5 /* NewStepViewController.swift in Sources */ = {isa = PBXBuildFile; fileRef = F11B14DE25E4D6070001F1C5 /* NewStepViewController.swift */; };
		F11B152725E4D6080001F1C5 /* RecipeDetailTableViewCell.swift in Sources */ = {isa = PBXBuildFile; fileRef = F11B14E125E4D6070001F1C5 /* RecipeDetailTableViewCell.swift */; };
		F11B152825E4D6080001F1C5 /* CathegoryTableViewCell.swift in Sources */ = {isa = PBXBuildFile; fileRef = F11B14E225E4D6070001F1C5 /* CathegoryTableViewCell.swift */; };
		F11B152925E4D6080001F1C5 /* MyRecipesTableViewCell.swift in Sources */ = {isa = PBXBuildFile; fileRef = F11B14E325E4D6070001F1C5 /* MyRecipesTableViewCell.swift */; };
		F11B152A25E4D6080001F1C5 /* NewIngredientTableViewCell.swift in Sources */ = {isa = PBXBuildFile; fileRef = F11B14E525E4D6070001F1C5 /* NewIngredientTableViewCell.swift */; };
		F11B152B25E4D6080001F1C5 /* CookTimeTableViewCell.swift in Sources */ = {isa = PBXBuildFile; fileRef = F11B14E625E4D6070001F1C5 /* CookTimeTableViewCell.swift */; };
		F11B152C25E4D6080001F1C5 /* RecipeCategoryTableViewCell.swift in Sources */ = {isa = PBXBuildFile; fileRef = F11B14E725E4D6070001F1C5 /* RecipeCategoryTableViewCell.swift */; };
		F11B152D25E4D6080001F1C5 /* AddItemTableViewCell.swift in Sources */ = {isa = PBXBuildFile; fileRef = F11B14E825E4D6070001F1C5 /* AddItemTableViewCell.swift */; };
		F11B152E25E4D6080001F1C5 /* CookStepTableViewCell.swift in Sources */ = {isa = PBXBuildFile; fileRef = F11B14E925E4D6070001F1C5 /* CookStepTableViewCell.swift */; };
		F11B152F25E4D6080001F1C5 /* RecipeNameTableViewCell.swift in Sources */ = {isa = PBXBuildFile; fileRef = F11B14EA25E4D6070001F1C5 /* RecipeNameTableViewCell.swift */; };
		F11B153025E4D6080001F1C5 /* FoodPurchaseTableViewCell.swift in Sources */ = {isa = PBXBuildFile; fileRef = F11B14EC25E4D6070001F1C5 /* FoodPurchaseTableViewCell.swift */; };
		F11B153125E4D6080001F1C5 /* HeaderPurchaseTableViewCell.swift in Sources */ = {isa = PBXBuildFile; fileRef = F11B14ED25E4D6070001F1C5 /* HeaderPurchaseTableViewCell.swift */; };
		F11B153225E4D6080001F1C5 /* StepOfRecipeTableViewCell.swift in Sources */ = {isa = PBXBuildFile; fileRef = F11B14EF25E4D6070001F1C5 /* StepOfRecipeTableViewCell.swift */; };
		F11B153325E4D6080001F1C5 /* ServeTableViewCell.swift in Sources */ = {isa = PBXBuildFile; fileRef = F11B14F025E4D6070001F1C5 /* ServeTableViewCell.swift */; };
		F11B153425E4D6080001F1C5 /* InfoRecipeTableViewCell.swift in Sources */ = {isa = PBXBuildFile; fileRef = F11B14F125E4D6070001F1C5 /* InfoRecipeTableViewCell.swift */; };
		F11B153525E4D6080001F1C5 /* IngredientOfRecipeTableViewCell.swift in Sources */ = {isa = PBXBuildFile; fileRef = F11B14F225E4D6070001F1C5 /* IngredientOfRecipeTableViewCell.swift */; };
		F11B153625E4D6080001F1C5 /* AboutRecipeTableViewCell.swift in Sources */ = {isa = PBXBuildFile; fileRef = F11B14F325E4D6070001F1C5 /* AboutRecipeTableViewCell.swift */; };
		F11B153725E4D6080001F1C5 /* MainMenuCollectionViewCell.swift in Sources */ = {isa = PBXBuildFile; fileRef = F11B14F525E4D6070001F1C5 /* MainMenuCollectionViewCell.swift */; };
		F11B153825E4D6080001F1C5 /* MyRecipesTableViewController.swift in Sources */ = {isa = PBXBuildFile; fileRef = F11B14F625E4D6070001F1C5 /* MyRecipesTableViewController.swift */; };
		F11B153925E4D6080001F1C5 /* MainMenuCollectionViewController.swift in Sources */ = {isa = PBXBuildFile; fileRef = F11B14F725E4D6070001F1C5 /* MainMenuCollectionViewController.swift */; };
		F11B153A25E4D6080001F1C5 /* NewIngredientViewController.swift in Sources */ = {isa = PBXBuildFile; fileRef = F11B14F825E4D6070001F1C5 /* NewIngredientViewController.swift */; };
		F11B153B25E4D6080001F1C5 /* HeaderDetailRecipeTableView.swift in Sources */ = {isa = PBXBuildFile; fileRef = F11B14FA25E4D6070001F1C5 /* HeaderDetailRecipeTableView.swift */; };
		F11B153C25E4D6080001F1C5 /* LoginViewController.swift in Sources */ = {isa = PBXBuildFile; fileRef = F11B14FB25E4D6070001F1C5 /* LoginViewController.swift */; };
		F11B153D25E4D6080001F1C5 /* NewRecipeTableViewController.swift in Sources */ = {isa = PBXBuildFile; fileRef = F11B14FC25E4D6070001F1C5 /* NewRecipeTableViewController.swift */; };
		F11B153E25E4D6080001F1C5 /* CategoryTableViewController.swift in Sources */ = {isa = PBXBuildFile; fileRef = F11B14FD25E4D6070001F1C5 /* CategoryTableViewController.swift */; };
		F11B153F25E4D6080001F1C5 /* DataNetworkManager.swift in Sources */ = {isa = PBXBuildFile; fileRef = F11B14FF25E4D6080001F1C5 /* DataNetworkManager.swift */; };
		F11B154025E4D6080001F1C5 /* AuthanticateManager.swift in Sources */ = {isa = PBXBuildFile; fileRef = F11B150025E4D6080001F1C5 /* AuthanticateManager.swift */; };
		F11B154125E4D6080001F1C5 /* CategoryTableViewViewModel.swift in Sources */ = {isa = PBXBuildFile; fileRef = F11B150225E4D6080001F1C5 /* CategoryTableViewViewModel.swift */; };
		F11B154225E4D6080001F1C5 /* FoodPurchaseTableViewCellViewModel.swift in Sources */ = {isa = PBXBuildFile; fileRef = F11B150525E4D6080001F1C5 /* FoodPurchaseTableViewCellViewModel.swift */; };
		F11B154325E4D6080001F1C5 /* IngredientTableViewCellViewModel.swift in Sources */ = {isa = PBXBuildFile; fileRef = F11B150625E4D6080001F1C5 /* IngredientTableViewCellViewModel.swift */; };
		F11B154425E4D6080001F1C5 /* StepOfRecipeTableViewCellViewModel.swift in Sources */ = {isa = PBXBuildFile; fileRef = F11B150725E4D6080001F1C5 /* StepOfRecipeTableViewCellViewModel.swift */; };
		F11B154525E4D6080001F1C5 /* RecipeTableViewCellViewModel.swift in Sources */ = {isa = PBXBuildFile; fileRef = F11B150825E4D6080001F1C5 /* RecipeTableViewCellViewModel.swift */; };
		F11B154625E4D6080001F1C5 /* HeaderPurchaseTableViewCellViewModel.swift in Sources */ = {isa = PBXBuildFile; fileRef = F11B150925E4D6080001F1C5 /* HeaderPurchaseTableViewCellViewModel.swift */; };
		F11B154725E4D6080001F1C5 /* RecipeDetailsTableViewViewModel.swift in Sources */ = {isa = PBXBuildFile; fileRef = F11B150B25E4D6080001F1C5 /* RecipeDetailsTableViewViewModel.swift */; };
		F11B154825E4D6080001F1C5 /* PurchaseTableViewViewModel.swift in Sources */ = {isa = PBXBuildFile; fileRef = F11B150C25E4D6080001F1C5 /* PurchaseTableViewViewModel.swift */; };
		F11B154925E4D6080001F1C5 /* NewRecipeTableViewViewModel.swift in Sources */ = {isa = PBXBuildFile; fileRef = F11B150D25E4D6080001F1C5 /* NewRecipeTableViewViewModel.swift */; };
		F11B15AA25E4D7830001F1C5 /* IngredientOfRecipeTableViewCell.xib in Resources */ = {isa = PBXBuildFile; fileRef = F11B159925E4D7830001F1C5 /* IngredientOfRecipeTableViewCell.xib */; };
		F11B15AB25E4D7830001F1C5 /* AboutRecipeTableViewCell.xib in Resources */ = {isa = PBXBuildFile; fileRef = F11B159A25E4D7830001F1C5 /* AboutRecipeTableViewCell.xib */; };
		F11B15AC25E4D7830001F1C5 /* InfoRecipeTableViewCell.xib in Resources */ = {isa = PBXBuildFile; fileRef = F11B159B25E4D7830001F1C5 /* InfoRecipeTableViewCell.xib */; };
		F11B15AD25E4D7830001F1C5 /* StepOfRecipeTableViewCell.xib in Resources */ = {isa = PBXBuildFile; fileRef = F11B159C25E4D7830001F1C5 /* StepOfRecipeTableViewCell.xib */; };
		F11B15AF25E4D7830001F1C5 /* CookTimeTableViewCell.xib in Resources */ = {isa = PBXBuildFile; fileRef = F11B159F25E4D7830001F1C5 /* CookTimeTableViewCell.xib */; };
		F11B15B025E4D7830001F1C5 /* CookStepTableViewCell.xib in Resources */ = {isa = PBXBuildFile; fileRef = F11B15A025E4D7830001F1C5 /* CookStepTableViewCell.xib */; };
		F11B15B125E4D7830001F1C5 /* NewIngredientTableViewCell.xib in Resources */ = {isa = PBXBuildFile; fileRef = F11B15A125E4D7830001F1C5 /* NewIngredientTableViewCell.xib */; };
		F11B15B225E4D7830001F1C5 /* AddItemTableViewCell.xib in Resources */ = {isa = PBXBuildFile; fileRef = F11B15A225E4D7830001F1C5 /* AddItemTableViewCell.xib */; };
		F11B15B325E4D7830001F1C5 /* RecipeCategoryTableViewCell.xib in Resources */ = {isa = PBXBuildFile; fileRef = F11B15A325E4D7830001F1C5 /* RecipeCategoryTableViewCell.xib */; };
		F11B15B425E4D7830001F1C5 /* RecipeNameTableViewCell.xib in Resources */ = {isa = PBXBuildFile; fileRef = F11B15A425E4D7830001F1C5 /* RecipeNameTableViewCell.xib */; };
		F11B15B525E4D7830001F1C5 /* HeaderPurchaseTableViewCell.xib in Resources */ = {isa = PBXBuildFile; fileRef = F11B15A625E4D7830001F1C5 /* HeaderPurchaseTableViewCell.xib */; };
		F11B15B625E4D7830001F1C5 /* PurchaseTableViewCell.xib in Resources */ = {isa = PBXBuildFile; fileRef = F11B15A725E4D7830001F1C5 /* PurchaseTableViewCell.xib */; };
		F11B15B725E4D7830001F1C5 /* AddCustomPurchaseTableViewCell.xib in Resources */ = {isa = PBXBuildFile; fileRef = F11B15A825E4D7830001F1C5 /* AddCustomPurchaseTableViewCell.xib */; };
		F11B15D825E4D8050001F1C5 /* ServeTableViewCell.xib in Resources */ = {isa = PBXBuildFile; fileRef = F11B159D25E4D7830001F1C5 /* ServeTableViewCell.xib */; };
		F11B15E425E4D9320001F1C5 /* ModelTests.swift in Sources */ = {isa = PBXBuildFile; fileRef = F11B15E325E4D9320001F1C5 /* ModelTests.swift */; };
		F11B160325EC5AFA0001F1C5 /* GoogleService-Info.plist in Resources */ = {isa = PBXBuildFile; fileRef = F11B160225EC5AFA0001F1C5 /* GoogleService-Info.plist */; };
		F12AB7CF299846190092D5DB /* ResetPasswordViewController.swift in Sources */ = {isa = PBXBuildFile; fileRef = F12AB7CE299846190092D5DB /* ResetPasswordViewController.swift */; };
		F12AB7D129989F4B0092D5DB /* WrapedRecipe.swift in Sources */ = {isa = PBXBuildFile; fileRef = F12AB7D029989F4B0092D5DB /* WrapedRecipe.swift */; };
		F133E4B725EC617F0058D544 /* CustomRegisterViewController.swift in Sources */ = {isa = PBXBuildFile; fileRef = F133E4B625EC617F0058D544 /* CustomRegisterViewController.swift */; };
		F133E4BC25EC64940058D544 /* LaunchViewController.swift in Sources */ = {isa = PBXBuildFile; fileRef = F133E4BB25EC64940058D544 /* LaunchViewController.swift */; };
		F133E4C425EC83C80058D544 /* User.swift in Sources */ = {isa = PBXBuildFile; fileRef = F133E4C325EC83C80058D544 /* User.swift */; };
		F133E4CF25ECAB180058D544 /* ProfileTableViewController.swift in Sources */ = {isa = PBXBuildFile; fileRef = F133E4CE25ECAB180058D544 /* ProfileTableViewController.swift */; };
		F13A81F1298961BA003D5E12 /* RecipeError.swift in Sources */ = {isa = PBXBuildFile; fileRef = F13A81F0298961BA003D5E12 /* RecipeError.swift */; };
		F1409C3A25E4CC7700846534 /* AppDelegate.swift in Sources */ = {isa = PBXBuildFile; fileRef = F1409C3925E4CC7700846534 /* AppDelegate.swift */; };
		F1409C3C25E4CC7700846534 /* SceneDelegate.swift in Sources */ = {isa = PBXBuildFile; fileRef = F1409C3B25E4CC7700846534 /* SceneDelegate.swift */; };
		F1409C4425E4CC7700846534 /* foodmonster.xcdatamodeld in Sources */ = {isa = PBXBuildFile; fileRef = F1409C4225E4CC7700846534 /* foodmonster.xcdatamodeld */; };
		F1409C5425E4CC7800846534 /* foodmonsterTests.swift in Sources */ = {isa = PBXBuildFile; fileRef = F1409C5325E4CC7800846534 /* foodmonsterTests.swift */; };
		F1409C5F25E4CC7800846534 /* foodmonsterUITests.swift in Sources */ = {isa = PBXBuildFile; fileRef = F1409C5E25E4CC7800846534 /* foodmonsterUITests.swift */; };
		F180D3B4298E183B00F7B69D /* UIImageView.swift in Sources */ = {isa = PBXBuildFile; fileRef = F180D3B3298E183B00F7B69D /* UIImageView.swift */; };
		F180D3B6298F1B5200F7B69D /* GradientView.swift in Sources */ = {isa = PBXBuildFile; fileRef = F180D3B5298F1B5200F7B69D /* GradientView.swift */; };
		F18737C4298226B200385A56 /* Anon.swift in Sources */ = {isa = PBXBuildFile; fileRef = F18737C3298226B200385A56 /* Anon.swift */; };
		F40335E628B32D02004A1314 /* Assets.xcassets in Resources */ = {isa = PBXBuildFile; fileRef = F40335E528B32D02004A1314 /* Assets.xcassets */; };
		F435C7B427A8A396000F5DA6 /* AccountType.swift in Sources */ = {isa = PBXBuildFile; fileRef = F435C7B327A8A396000F5DA6 /* AccountType.swift */; };
		F435C7B627A8B8D4000F5DA6 /* NewPersonalItemViewController.swift in Sources */ = {isa = PBXBuildFile; fileRef = F435C7B527A8B8D4000F5DA6 /* NewPersonalItemViewController.swift */; };
		F445BB3C274B4C2C00929CA6 /* Network.swift in Sources */ = {isa = PBXBuildFile; fileRef = F445BB3B274B4C2C00929CA6 /* Network.swift */; };
		F445BB3E274C735800929CA6 /* FilterCriteria.swift in Sources */ = {isa = PBXBuildFile; fileRef = F445BB3D274C735800929CA6 /* FilterCriteria.swift */; };
		F445BB40274C7ADB00929CA6 /* Image.swift in Sources */ = {isa = PBXBuildFile; fileRef = F445BB3F274C7ADB00929CA6 /* Image.swift */; };
		F445BB4227530ECE00929CA6 /* Filter.swift in Sources */ = {isa = PBXBuildFile; fileRef = F445BB4127530ECE00929CA6 /* Filter.swift */; };
		F456D43C279FB28A0001C8BD /* UserProfileCellViewModel.swift in Sources */ = {isa = PBXBuildFile; fileRef = F456D43B279FB28A0001C8BD /* UserProfileCellViewModel.swift */; };
		F456D43F27A242D30001C8BD /* NameTableViewCell.swift in Sources */ = {isa = PBXBuildFile; fileRef = F456D43E27A242D30001C8BD /* NameTableViewCell.swift */; };
		F456D44127A245430001C8BD /* EmailTableViewCell.swift in Sources */ = {isa = PBXBuildFile; fileRef = F456D44027A245430001C8BD /* EmailTableViewCell.swift */; };
		F475BE8627B0C9A40033C4EE /* ChangePasswordViewController.swift in Sources */ = {isa = PBXBuildFile; fileRef = F475BE8527B0C9A40033C4EE /* ChangePasswordViewController.swift */; };
		F48A2F9F2771840C0060FEB7 /* RecipeModel.swift in Sources */ = {isa = PBXBuildFile; fileRef = F48A2F9E2771840C0060FEB7 /* RecipeModel.swift */; };
		F48A2FA1277184230060FEB7 /* FoodModel.swift in Sources */ = {isa = PBXBuildFile; fileRef = F48A2FA0277184230060FEB7 /* FoodModel.swift */; };
		F48A2FA32771842E0060FEB7 /* StepModel.swift in Sources */ = {isa = PBXBuildFile; fileRef = F48A2FA22771842E0060FEB7 /* StepModel.swift */; };
		F48A2FA5277AD5960060FEB7 /* NewRecipeTableViewCellViewModelProtocol.swift in Sources */ = {isa = PBXBuildFile; fileRef = F48A2FA4277AD5960060FEB7 /* NewRecipeTableViewCellViewModelProtocol.swift */; };
		F48A2FA7277AD6AA0060FEB7 /* NewRecipeTableViewCellViewModel.swift in Sources */ = {isa = PBXBuildFile; fileRef = F48A2FA6277AD6AA0060FEB7 /* NewRecipeTableViewCellViewModel.swift */; };
		F48A2FA9277ADB3C0060FEB7 /* NewIngredientTableViewCellViewModelProtocol.swift in Sources */ = {isa = PBXBuildFile; fileRef = F48A2FA8277ADB3C0060FEB7 /* NewIngredientTableViewCellViewModelProtocol.swift */; };
		F48A2FAB277ADBB60060FEB7 /* NewStepTableViewCellViewModelProtocol.swift in Sources */ = {isa = PBXBuildFile; fileRef = F48A2FAA277ADBB60060FEB7 /* NewStepTableViewCellViewModelProtocol.swift */; };
		F48A2FAD277ADC1B0060FEB7 /* NewIngredientTableViewCellViewModel.swift in Sources */ = {isa = PBXBuildFile; fileRef = F48A2FAC277ADC1B0060FEB7 /* NewIngredientTableViewCellViewModel.swift */; };
		F48A2FAF277ADC610060FEB7 /* NewStepTableViewCellViewModel.swift in Sources */ = {isa = PBXBuildFile; fileRef = F48A2FAE277ADC610060FEB7 /* NewStepTableViewCellViewModel.swift */; };
		F48A2FB1277C06670060FEB7 /* AboutNewRecipeTableViewCell.swift in Sources */ = {isa = PBXBuildFile; fileRef = F48A2FB0277C06670060FEB7 /* AboutNewRecipeTableViewCell.swift */; };
		F48A2FB3277D37010060FEB7 /* AboutNewRecipeViewController.swift in Sources */ = {isa = PBXBuildFile; fileRef = F48A2FB2277D37010060FEB7 /* AboutNewRecipeViewController.swift */; };
		F48A2FB7278279120060FEB7 /* AboutNewTableViewCell.xib in Resources */ = {isa = PBXBuildFile; fileRef = F48A2FB6278279120060FEB7 /* AboutNewTableViewCell.xib */; };
		F48A2FB92782A5FE0060FEB7 /* PortionsTableViewCell.xib in Resources */ = {isa = PBXBuildFile; fileRef = F48A2FB82782A5FE0060FEB7 /* PortionsTableViewCell.xib */; };
		F48A2FBB2782A7A60060FEB7 /* PortionsTableViewCell.swift in Sources */ = {isa = PBXBuildFile; fileRef = F48A2FBA2782A7A60060FEB7 /* PortionsTableViewCell.swift */; };
		F48A2FBF2782CB9C0060FEB7 /* NameTimeViewController.swift in Sources */ = {isa = PBXBuildFile; fileRef = F48A2FBE2782CB9C0060FEB7 /* NameTimeViewController.swift */; };
		F49FA8FD278CA2AA002A7F8C /* GlobalVariable.swift in Sources */ = {isa = PBXBuildFile; fileRef = F49FA8FC278CA2AA002A7F8C /* GlobalVariable.swift */; };
		F49FA8FF278CF491002A7F8C /* PurchaseModel.swift in Sources */ = {isa = PBXBuildFile; fileRef = F49FA8FE278CF491002A7F8C /* PurchaseModel.swift */; };
		F4AF68D1275F2970008ED312 /* SaveRecipeTableViewCell.swift in Sources */ = {isa = PBXBuildFile; fileRef = F4AF68D0275F2970008ED312 /* SaveRecipeTableViewCell.swift */; };
		F4B0B644279519C200BE9964 /* UIViewController.swift in Sources */ = {isa = PBXBuildFile; fileRef = F4B0B643279519C200BE9964 /* UIViewController.swift */; };
		F4B0B646279668E700BE9964 /* PurchaseFood.swift in Sources */ = {isa = PBXBuildFile; fileRef = F4B0B645279668E700BE9964 /* PurchaseFood.swift */; };
		F4B0B648279768EF00BE9964 /* ProfileTableViewViewModel.swift in Sources */ = {isa = PBXBuildFile; fileRef = F4B0B647279768EF00BE9964 /* ProfileTableViewViewModel.swift */; };
		F4CE112B27A261DC0041B840 /* NameTableViewCell.xib in Resources */ = {isa = PBXBuildFile; fileRef = F4CE112A27A261DC0041B840 /* NameTableViewCell.xib */; };
		F4CE112D27A2677B0041B840 /* EmailTableViewCell.xib in Resources */ = {isa = PBXBuildFile; fileRef = F4CE112C27A2677B0041B840 /* EmailTableViewCell.xib */; };
		F4CE112F27A2693C0041B840 /* ChangeEmailViewController.swift in Sources */ = {isa = PBXBuildFile; fileRef = F4CE112E27A2693C0041B840 /* ChangeEmailViewController.swift */; };
		F4E087EB279E56C600B0D54F /* NameLastNameViewController.swift in Sources */ = {isa = PBXBuildFile; fileRef = F4E087EA279E56C600B0D54F /* NameLastNameViewController.swift */; };
		F4E71A0E2783F01E009B3AE0 /* SaveRecipeTableViewCell.xib in Resources */ = {isa = PBXBuildFile; fileRef = F4E71A0D2783F01E009B3AE0 /* SaveRecipeTableViewCell.xib */; };
		F4E71A1027854291009B3AE0 /* ImageModel.swift in Sources */ = {isa = PBXBuildFile; fileRef = F4E71A0F27854291009B3AE0 /* ImageModel.swift */; };
		F4E71A12278545D2009B3AE0 /* FoodStorage.swift in Sources */ = {isa = PBXBuildFile; fileRef = F4E71A11278545D2009B3AE0 /* FoodStorage.swift */; };
		F4E71A142785502A009B3AE0 /* Product.swift in Sources */ = {isa = PBXBuildFile; fileRef = F4E71A132785502A009B3AE0 /* Product.swift */; };
		F4E71A16278A7058009B3AE0 /* FirebaseStorageServiceManager.swift in Sources */ = {isa = PBXBuildFile; fileRef = F4E71A15278A7058009B3AE0 /* FirebaseStorageServiceManager.swift */; };
/* End PBXBuildFile section */

/* Begin PBXContainerItemProxy section */
		F1409C5025E4CC7800846534 /* PBXContainerItemProxy */ = {
			isa = PBXContainerItemProxy;
			containerPortal = F1409C2E25E4CC7700846534 /* Project object */;
			proxyType = 1;
			remoteGlobalIDString = F1409C3525E4CC7700846534;
			remoteInfo = foodmonster;
		};
		F1409C5B25E4CC7800846534 /* PBXContainerItemProxy */ = {
			isa = PBXContainerItemProxy;
			containerPortal = F1409C2E25E4CC7700846534 /* Project object */;
			proxyType = 1;
			remoteGlobalIDString = F1409C3525E4CC7700846534;
			remoteInfo = foodmonster;
		};
/* End PBXContainerItemProxy section */

/* Begin PBXFileReference section */
		473F430E2730B8841D41B7A2 /* Pods-foodmonster.release.xcconfig */ = {isa = PBXFileReference; includeInIndex = 1; lastKnownFileType = text.xcconfig; name = "Pods-foodmonster.release.xcconfig"; path = "Target Support Files/Pods-foodmonster/Pods-foodmonster.release.xcconfig"; sourceTree = "<group>"; };
		A544012D91B39E9CB5D89B77 /* Pods-foodmonster.debug.xcconfig */ = {isa = PBXFileReference; includeInIndex = 1; lastKnownFileType = text.xcconfig; name = "Pods-foodmonster.debug.xcconfig"; path = "Target Support Files/Pods-foodmonster/Pods-foodmonster.debug.xcconfig"; sourceTree = "<group>"; };
		D014C2DE2E36D3F61FC8092D /* Pods_foodmonster.framework */ = {isa = PBXFileReference; explicitFileType = wrapper.framework; includeInIndex = 0; path = Pods_foodmonster.framework; sourceTree = BUILT_PRODUCTS_DIR; };
		F11B14A125E4D5940001F1C5 /* Constant.swift */ = {isa = PBXFileReference; fileEncoding = 4; lastKnownFileType = sourcecode.swift; path = Constant.swift; sourceTree = "<group>"; };
		F11B14A225E4D5940001F1C5 /* AppTabBar.swift */ = {isa = PBXFileReference; fileEncoding = 4; lastKnownFileType = sourcecode.swift; path = AppTabBar.swift; sourceTree = "<group>"; };
		F11B14A325E4D5950001F1C5 /* TabBarViewController.swift */ = {isa = PBXFileReference; fileEncoding = 4; lastKnownFileType = sourcecode.swift; path = TabBarViewController.swift; sourceTree = "<group>"; };
		F11B14B525E4D5DE0001F1C5 /* Main.storyboard */ = {isa = PBXFileReference; fileEncoding = 4; lastKnownFileType = file.storyboard; path = Main.storyboard; sourceTree = "<group>"; };
		F11B14B625E4D5DF0001F1C5 /* LaunchScreen.storyboard */ = {isa = PBXFileReference; fileEncoding = 4; lastKnownFileType = file.storyboard; path = LaunchScreen.storyboard; sourceTree = "<group>"; };
		F11B14C025E4D6060001F1C5 /* Cells.swift */ = {isa = PBXFileReference; fileEncoding = 4; lastKnownFileType = sourcecode.swift; path = Cells.swift; sourceTree = "<group>"; };
		F11B14C125E4D6060001F1C5 /* ASCIIControlCharacter.swift */ = {isa = PBXFileReference; fileEncoding = 4; lastKnownFileType = sourcecode.swift; path = ASCIIControlCharacter.swift; sourceTree = "<group>"; };
		F11B14C225E4D6060001F1C5 /* MainMenu.swift */ = {isa = PBXFileReference; fileEncoding = 4; lastKnownFileType = sourcecode.swift; path = MainMenu.swift; sourceTree = "<group>"; };
		F11B14C325E4D6060001F1C5 /* Seque.swift */ = {isa = PBXFileReference; fileEncoding = 4; lastKnownFileType = sourcecode.swift; path = Seque.swift; sourceTree = "<group>"; };
		F11B14C825E4D6070001F1C5 /* FoodPurchaseTableViewCellViewModelProtocol.swift */ = {isa = PBXFileReference; fileEncoding = 4; lastKnownFileType = sourcecode.swift; path = FoodPurchaseTableViewCellViewModelProtocol.swift; sourceTree = "<group>"; };
		F11B14C925E4D6070001F1C5 /* IngredientTableViewCellViewModelProtocol.swift */ = {isa = PBXFileReference; fileEncoding = 4; lastKnownFileType = sourcecode.swift; path = IngredientTableViewCellViewModelProtocol.swift; sourceTree = "<group>"; };
		F11B14CA25E4D6070001F1C5 /* HeaderPurchaseTableViewCellViewModelProtocol.swift */ = {isa = PBXFileReference; fileEncoding = 4; lastKnownFileType = sourcecode.swift; path = HeaderPurchaseTableViewCellViewModelProtocol.swift; sourceTree = "<group>"; };
		F11B14CB25E4D6070001F1C5 /* RecipeTableViewCellViewModelProtocol.swift */ = {isa = PBXFileReference; fileEncoding = 4; lastKnownFileType = sourcecode.swift; path = RecipeTableViewCellViewModelProtocol.swift; sourceTree = "<group>"; };
		F11B14CC25E4D6070001F1C5 /* StepOfRecipeTableViewCellViewModelProtocol.swift */ = {isa = PBXFileReference; fileEncoding = 4; lastKnownFileType = sourcecode.swift; path = StepOfRecipeTableViewCellViewModelProtocol.swift; sourceTree = "<group>"; };
		F11B14D625E4D6070001F1C5 /* Recipe.swift */ = {isa = PBXFileReference; fileEncoding = 4; lastKnownFileType = sourcecode.swift; path = Recipe.swift; sourceTree = "<group>"; };
		F11B14D725E4D6070001F1C5 /* Purchase.swift */ = {isa = PBXFileReference; fileEncoding = 4; lastKnownFileType = sourcecode.swift; path = Purchase.swift; sourceTree = "<group>"; };
		F11B14D825E4D6070001F1C5 /* Step.swift */ = {isa = PBXFileReference; fileEncoding = 4; lastKnownFileType = sourcecode.swift; path = Step.swift; sourceTree = "<group>"; };
		F11B14D925E4D6070001F1C5 /* Food.swift */ = {isa = PBXFileReference; fileEncoding = 4; lastKnownFileType = sourcecode.swift; path = Food.swift; sourceTree = "<group>"; };
		F11B14DA25E4D6070001F1C5 /* Credentials.swift */ = {isa = PBXFileReference; fileEncoding = 4; lastKnownFileType = sourcecode.swift; path = Credentials.swift; sourceTree = "<group>"; };
		F11B14DC25E4D6070001F1C5 /* RecipeDetailTableViewController.swift */ = {isa = PBXFileReference; fileEncoding = 4; lastKnownFileType = sourcecode.swift; path = RecipeDetailTableViewController.swift; sourceTree = "<group>"; };
		F11B14DD25E4D6070001F1C5 /* PurchaseTableViewController.swift */ = {isa = PBXFileReference; fileEncoding = 4; lastKnownFileType = sourcecode.swift; path = PurchaseTableViewController.swift; sourceTree = "<group>"; };
		F11B14DE25E4D6070001F1C5 /* NewStepViewController.swift */ = {isa = PBXFileReference; fileEncoding = 4; lastKnownFileType = sourcecode.swift; path = NewStepViewController.swift; sourceTree = "<group>"; };
		F11B14E125E4D6070001F1C5 /* RecipeDetailTableViewCell.swift */ = {isa = PBXFileReference; fileEncoding = 4; lastKnownFileType = sourcecode.swift; path = RecipeDetailTableViewCell.swift; sourceTree = "<group>"; };
		F11B14E225E4D6070001F1C5 /* CathegoryTableViewCell.swift */ = {isa = PBXFileReference; fileEncoding = 4; lastKnownFileType = sourcecode.swift; path = CathegoryTableViewCell.swift; sourceTree = "<group>"; };
		F11B14E325E4D6070001F1C5 /* MyRecipesTableViewCell.swift */ = {isa = PBXFileReference; fileEncoding = 4; lastKnownFileType = sourcecode.swift; path = MyRecipesTableViewCell.swift; sourceTree = "<group>"; };
		F11B14E525E4D6070001F1C5 /* NewIngredientTableViewCell.swift */ = {isa = PBXFileReference; fileEncoding = 4; lastKnownFileType = sourcecode.swift; path = NewIngredientTableViewCell.swift; sourceTree = "<group>"; };
		F11B14E625E4D6070001F1C5 /* CookTimeTableViewCell.swift */ = {isa = PBXFileReference; fileEncoding = 4; lastKnownFileType = sourcecode.swift; path = CookTimeTableViewCell.swift; sourceTree = "<group>"; };
		F11B14E725E4D6070001F1C5 /* RecipeCategoryTableViewCell.swift */ = {isa = PBXFileReference; fileEncoding = 4; lastKnownFileType = sourcecode.swift; path = RecipeCategoryTableViewCell.swift; sourceTree = "<group>"; };
		F11B14E825E4D6070001F1C5 /* AddItemTableViewCell.swift */ = {isa = PBXFileReference; fileEncoding = 4; lastKnownFileType = sourcecode.swift; path = AddItemTableViewCell.swift; sourceTree = "<group>"; };
		F11B14E925E4D6070001F1C5 /* CookStepTableViewCell.swift */ = {isa = PBXFileReference; fileEncoding = 4; lastKnownFileType = sourcecode.swift; path = CookStepTableViewCell.swift; sourceTree = "<group>"; };
		F11B14EA25E4D6070001F1C5 /* RecipeNameTableViewCell.swift */ = {isa = PBXFileReference; fileEncoding = 4; lastKnownFileType = sourcecode.swift; path = RecipeNameTableViewCell.swift; sourceTree = "<group>"; };
		F11B14EC25E4D6070001F1C5 /* FoodPurchaseTableViewCell.swift */ = {isa = PBXFileReference; fileEncoding = 4; lastKnownFileType = sourcecode.swift; path = FoodPurchaseTableViewCell.swift; sourceTree = "<group>"; };
		F11B14ED25E4D6070001F1C5 /* HeaderPurchaseTableViewCell.swift */ = {isa = PBXFileReference; fileEncoding = 4; lastKnownFileType = sourcecode.swift; path = HeaderPurchaseTableViewCell.swift; sourceTree = "<group>"; };
		F11B14EF25E4D6070001F1C5 /* StepOfRecipeTableViewCell.swift */ = {isa = PBXFileReference; fileEncoding = 4; lastKnownFileType = sourcecode.swift; path = StepOfRecipeTableViewCell.swift; sourceTree = "<group>"; };
		F11B14F025E4D6070001F1C5 /* ServeTableViewCell.swift */ = {isa = PBXFileReference; fileEncoding = 4; lastKnownFileType = sourcecode.swift; path = ServeTableViewCell.swift; sourceTree = "<group>"; };
		F11B14F125E4D6070001F1C5 /* InfoRecipeTableViewCell.swift */ = {isa = PBXFileReference; fileEncoding = 4; lastKnownFileType = sourcecode.swift; path = InfoRecipeTableViewCell.swift; sourceTree = "<group>"; };
		F11B14F225E4D6070001F1C5 /* IngredientOfRecipeTableViewCell.swift */ = {isa = PBXFileReference; fileEncoding = 4; lastKnownFileType = sourcecode.swift; path = IngredientOfRecipeTableViewCell.swift; sourceTree = "<group>"; };
		F11B14F325E4D6070001F1C5 /* AboutRecipeTableViewCell.swift */ = {isa = PBXFileReference; fileEncoding = 4; lastKnownFileType = sourcecode.swift; path = AboutRecipeTableViewCell.swift; sourceTree = "<group>"; };
		F11B14F525E4D6070001F1C5 /* MainMenuCollectionViewCell.swift */ = {isa = PBXFileReference; fileEncoding = 4; lastKnownFileType = sourcecode.swift; path = MainMenuCollectionViewCell.swift; sourceTree = "<group>"; };
		F11B14F625E4D6070001F1C5 /* MyRecipesTableViewController.swift */ = {isa = PBXFileReference; fileEncoding = 4; lastKnownFileType = sourcecode.swift; path = MyRecipesTableViewController.swift; sourceTree = "<group>"; };
		F11B14F725E4D6070001F1C5 /* MainMenuCollectionViewController.swift */ = {isa = PBXFileReference; fileEncoding = 4; lastKnownFileType = sourcecode.swift; path = MainMenuCollectionViewController.swift; sourceTree = "<group>"; };
		F11B14F825E4D6070001F1C5 /* NewIngredientViewController.swift */ = {isa = PBXFileReference; fileEncoding = 4; lastKnownFileType = sourcecode.swift; path = NewIngredientViewController.swift; sourceTree = "<group>"; };
		F11B14FA25E4D6070001F1C5 /* HeaderDetailRecipeTableView.swift */ = {isa = PBXFileReference; fileEncoding = 4; lastKnownFileType = sourcecode.swift; path = HeaderDetailRecipeTableView.swift; sourceTree = "<group>"; };
		F11B14FB25E4D6070001F1C5 /* LoginViewController.swift */ = {isa = PBXFileReference; fileEncoding = 4; lastKnownFileType = sourcecode.swift; path = LoginViewController.swift; sourceTree = "<group>"; };
		F11B14FC25E4D6070001F1C5 /* NewRecipeTableViewController.swift */ = {isa = PBXFileReference; fileEncoding = 4; lastKnownFileType = sourcecode.swift; path = NewRecipeTableViewController.swift; sourceTree = "<group>"; };
		F11B14FD25E4D6070001F1C5 /* CategoryTableViewController.swift */ = {isa = PBXFileReference; fileEncoding = 4; lastKnownFileType = sourcecode.swift; path = CategoryTableViewController.swift; sourceTree = "<group>"; };
		F11B14FF25E4D6080001F1C5 /* DataNetworkManager.swift */ = {isa = PBXFileReference; fileEncoding = 4; lastKnownFileType = sourcecode.swift; path = DataNetworkManager.swift; sourceTree = "<group>"; };
		F11B150025E4D6080001F1C5 /* AuthanticateManager.swift */ = {isa = PBXFileReference; fileEncoding = 4; lastKnownFileType = sourcecode.swift; path = AuthanticateManager.swift; sourceTree = "<group>"; };
		F11B150225E4D6080001F1C5 /* CategoryTableViewViewModel.swift */ = {isa = PBXFileReference; fileEncoding = 4; lastKnownFileType = sourcecode.swift; path = CategoryTableViewViewModel.swift; sourceTree = "<group>"; };
		F11B150525E4D6080001F1C5 /* FoodPurchaseTableViewCellViewModel.swift */ = {isa = PBXFileReference; fileEncoding = 4; lastKnownFileType = sourcecode.swift; path = FoodPurchaseTableViewCellViewModel.swift; sourceTree = "<group>"; };
		F11B150625E4D6080001F1C5 /* IngredientTableViewCellViewModel.swift */ = {isa = PBXFileReference; fileEncoding = 4; lastKnownFileType = sourcecode.swift; path = IngredientTableViewCellViewModel.swift; sourceTree = "<group>"; };
		F11B150725E4D6080001F1C5 /* StepOfRecipeTableViewCellViewModel.swift */ = {isa = PBXFileReference; fileEncoding = 4; lastKnownFileType = sourcecode.swift; path = StepOfRecipeTableViewCellViewModel.swift; sourceTree = "<group>"; };
		F11B150825E4D6080001F1C5 /* RecipeTableViewCellViewModel.swift */ = {isa = PBXFileReference; fileEncoding = 4; lastKnownFileType = sourcecode.swift; path = RecipeTableViewCellViewModel.swift; sourceTree = "<group>"; };
		F11B150925E4D6080001F1C5 /* HeaderPurchaseTableViewCellViewModel.swift */ = {isa = PBXFileReference; fileEncoding = 4; lastKnownFileType = sourcecode.swift; path = HeaderPurchaseTableViewCellViewModel.swift; sourceTree = "<group>"; };
		F11B150B25E4D6080001F1C5 /* RecipeDetailsTableViewViewModel.swift */ = {isa = PBXFileReference; fileEncoding = 4; lastKnownFileType = sourcecode.swift; path = RecipeDetailsTableViewViewModel.swift; sourceTree = "<group>"; };
		F11B150C25E4D6080001F1C5 /* PurchaseTableViewViewModel.swift */ = {isa = PBXFileReference; fileEncoding = 4; lastKnownFileType = sourcecode.swift; path = PurchaseTableViewViewModel.swift; sourceTree = "<group>"; };
		F11B150D25E4D6080001F1C5 /* NewRecipeTableViewViewModel.swift */ = {isa = PBXFileReference; fileEncoding = 4; lastKnownFileType = sourcecode.swift; path = NewRecipeTableViewViewModel.swift; sourceTree = "<group>"; };
		F11B159925E4D7830001F1C5 /* IngredientOfRecipeTableViewCell.xib */ = {isa = PBXFileReference; fileEncoding = 4; lastKnownFileType = file.xib; path = IngredientOfRecipeTableViewCell.xib; sourceTree = "<group>"; };
		F11B159A25E4D7830001F1C5 /* AboutRecipeTableViewCell.xib */ = {isa = PBXFileReference; fileEncoding = 4; lastKnownFileType = file.xib; path = AboutRecipeTableViewCell.xib; sourceTree = "<group>"; };
		F11B159B25E4D7830001F1C5 /* InfoRecipeTableViewCell.xib */ = {isa = PBXFileReference; fileEncoding = 4; lastKnownFileType = file.xib; path = InfoRecipeTableViewCell.xib; sourceTree = "<group>"; };
		F11B159C25E4D7830001F1C5 /* StepOfRecipeTableViewCell.xib */ = {isa = PBXFileReference; fileEncoding = 4; lastKnownFileType = file.xib; path = StepOfRecipeTableViewCell.xib; sourceTree = "<group>"; };
		F11B159D25E4D7830001F1C5 /* ServeTableViewCell.xib */ = {isa = PBXFileReference; fileEncoding = 4; lastKnownFileType = file.xib; path = ServeTableViewCell.xib; sourceTree = "<group>"; };
		F11B159F25E4D7830001F1C5 /* CookTimeTableViewCell.xib */ = {isa = PBXFileReference; fileEncoding = 4; lastKnownFileType = file.xib; path = CookTimeTableViewCell.xib; sourceTree = "<group>"; };
		F11B15A025E4D7830001F1C5 /* CookStepTableViewCell.xib */ = {isa = PBXFileReference; fileEncoding = 4; lastKnownFileType = file.xib; path = CookStepTableViewCell.xib; sourceTree = "<group>"; };
		F11B15A125E4D7830001F1C5 /* NewIngredientTableViewCell.xib */ = {isa = PBXFileReference; fileEncoding = 4; lastKnownFileType = file.xib; path = NewIngredientTableViewCell.xib; sourceTree = "<group>"; };
		F11B15A225E4D7830001F1C5 /* AddItemTableViewCell.xib */ = {isa = PBXFileReference; fileEncoding = 4; lastKnownFileType = file.xib; path = AddItemTableViewCell.xib; sourceTree = "<group>"; };
		F11B15A325E4D7830001F1C5 /* RecipeCategoryTableViewCell.xib */ = {isa = PBXFileReference; fileEncoding = 4; lastKnownFileType = file.xib; path = RecipeCategoryTableViewCell.xib; sourceTree = "<group>"; };
		F11B15A425E4D7830001F1C5 /* RecipeNameTableViewCell.xib */ = {isa = PBXFileReference; fileEncoding = 4; lastKnownFileType = file.xib; path = RecipeNameTableViewCell.xib; sourceTree = "<group>"; };
		F11B15A625E4D7830001F1C5 /* HeaderPurchaseTableViewCell.xib */ = {isa = PBXFileReference; fileEncoding = 4; lastKnownFileType = file.xib; path = HeaderPurchaseTableViewCell.xib; sourceTree = "<group>"; };
		F11B15A725E4D7830001F1C5 /* PurchaseTableViewCell.xib */ = {isa = PBXFileReference; fileEncoding = 4; lastKnownFileType = file.xib; path = PurchaseTableViewCell.xib; sourceTree = "<group>"; };
		F11B15A825E4D7830001F1C5 /* AddCustomPurchaseTableViewCell.xib */ = {isa = PBXFileReference; fileEncoding = 4; lastKnownFileType = file.xib; path = AddCustomPurchaseTableViewCell.xib; sourceTree = "<group>"; };
		F11B15E325E4D9320001F1C5 /* ModelTests.swift */ = {isa = PBXFileReference; fileEncoding = 4; lastKnownFileType = sourcecode.swift; path = ModelTests.swift; sourceTree = "<group>"; };
		F11B160225EC5AFA0001F1C5 /* GoogleService-Info.plist */ = {isa = PBXFileReference; fileEncoding = 4; lastKnownFileType = text.plist.xml; path = "GoogleService-Info.plist"; sourceTree = "<group>"; };
		F12AB7CE299846190092D5DB /* ResetPasswordViewController.swift */ = {isa = PBXFileReference; lastKnownFileType = sourcecode.swift; path = ResetPasswordViewController.swift; sourceTree = "<group>"; };
		F12AB7D029989F4B0092D5DB /* WrapedRecipe.swift */ = {isa = PBXFileReference; lastKnownFileType = sourcecode.swift; path = WrapedRecipe.swift; sourceTree = "<group>"; };
		F133E4B625EC617F0058D544 /* CustomRegisterViewController.swift */ = {isa = PBXFileReference; lastKnownFileType = sourcecode.swift; path = CustomRegisterViewController.swift; sourceTree = "<group>"; };
		F133E4BB25EC64940058D544 /* LaunchViewController.swift */ = {isa = PBXFileReference; lastKnownFileType = sourcecode.swift; name = LaunchViewController.swift; path = foodmonster/controller/LaunchViewController.swift; sourceTree = SOURCE_ROOT; };
		F133E4C325EC83C80058D544 /* User.swift */ = {isa = PBXFileReference; lastKnownFileType = sourcecode.swift; path = User.swift; sourceTree = "<group>"; };
		F133E4CE25ECAB180058D544 /* ProfileTableViewController.swift */ = {isa = PBXFileReference; lastKnownFileType = sourcecode.swift; path = ProfileTableViewController.swift; sourceTree = "<group>"; };
		F13A81EF29863BAD003D5E12 /* foodmonster.entitlements */ = {isa = PBXFileReference; lastKnownFileType = text.plist.entitlements; path = foodmonster.entitlements; sourceTree = "<group>"; };
		F13A81F0298961BA003D5E12 /* RecipeError.swift */ = {isa = PBXFileReference; lastKnownFileType = sourcecode.swift; path = RecipeError.swift; sourceTree = "<group>"; };
		F1409C3625E4CC7700846534 /* foodmonster.app */ = {isa = PBXFileReference; explicitFileType = wrapper.application; includeInIndex = 0; path = foodmonster.app; sourceTree = BUILT_PRODUCTS_DIR; };
		F1409C3925E4CC7700846534 /* AppDelegate.swift */ = {isa = PBXFileReference; lastKnownFileType = sourcecode.swift; path = AppDelegate.swift; sourceTree = "<group>"; };
		F1409C3B25E4CC7700846534 /* SceneDelegate.swift */ = {isa = PBXFileReference; lastKnownFileType = sourcecode.swift; path = SceneDelegate.swift; sourceTree = "<group>"; };
		F1409C4325E4CC7700846534 /* foodmonster.xcdatamodel */ = {isa = PBXFileReference; lastKnownFileType = wrapper.xcdatamodel; path = foodmonster.xcdatamodel; sourceTree = "<group>"; };
		F1409C4A25E4CC7800846534 /* Info.plist */ = {isa = PBXFileReference; lastKnownFileType = text.plist.xml; path = Info.plist; sourceTree = "<group>"; };
		F1409C4F25E4CC7800846534 /* foodmonsterTests.xctest */ = {isa = PBXFileReference; explicitFileType = wrapper.cfbundle; includeInIndex = 0; path = foodmonsterTests.xctest; sourceTree = BUILT_PRODUCTS_DIR; };
		F1409C5325E4CC7800846534 /* foodmonsterTests.swift */ = {isa = PBXFileReference; lastKnownFileType = sourcecode.swift; path = foodmonsterTests.swift; sourceTree = "<group>"; };
		F1409C5525E4CC7800846534 /* Info.plist */ = {isa = PBXFileReference; lastKnownFileType = text.plist.xml; path = Info.plist; sourceTree = "<group>"; };
		F1409C5A25E4CC7800846534 /* foodmonsterUITests.xctest */ = {isa = PBXFileReference; explicitFileType = wrapper.cfbundle; includeInIndex = 0; path = foodmonsterUITests.xctest; sourceTree = BUILT_PRODUCTS_DIR; };
		F1409C5E25E4CC7800846534 /* foodmonsterUITests.swift */ = {isa = PBXFileReference; lastKnownFileType = sourcecode.swift; path = foodmonsterUITests.swift; sourceTree = "<group>"; };
		F1409C6025E4CC7800846534 /* Info.plist */ = {isa = PBXFileReference; lastKnownFileType = text.plist.xml; path = Info.plist; sourceTree = "<group>"; };
		F180D3B3298E183B00F7B69D /* UIImageView.swift */ = {isa = PBXFileReference; lastKnownFileType = sourcecode.swift; path = UIImageView.swift; sourceTree = "<group>"; };
		F180D3B5298F1B5200F7B69D /* GradientView.swift */ = {isa = PBXFileReference; lastKnownFileType = sourcecode.swift; path = GradientView.swift; sourceTree = "<group>"; };
		F18737C3298226B200385A56 /* Anon.swift */ = {isa = PBXFileReference; lastKnownFileType = sourcecode.swift; path = Anon.swift; sourceTree = "<group>"; };
		F19188BD2963715F00339FF5 /* SF-Pro-Display-UltralightItalic.otf */ = {isa = PBXFileReference; lastKnownFileType = file; path = "SF-Pro-Display-UltralightItalic.otf"; sourceTree = "<group>"; };
		F19188BE2963716000339FF5 /* SF-Pro-Display-Heavy.otf */ = {isa = PBXFileReference; lastKnownFileType = file; path = "SF-Pro-Display-Heavy.otf"; sourceTree = "<group>"; };
		F19188BF2963716100339FF5 /* SF-Pro-Display-Semibold.otf */ = {isa = PBXFileReference; lastKnownFileType = file; path = "SF-Pro-Display-Semibold.otf"; sourceTree = "<group>"; };
		F19188C02963716200339FF5 /* SF-Pro-Display-MediumItalic.otf */ = {isa = PBXFileReference; lastKnownFileType = file; path = "SF-Pro-Display-MediumItalic.otf"; sourceTree = "<group>"; };
		F19188C12963716200339FF5 /* SF-Pro-Display-Regular.otf */ = {isa = PBXFileReference; lastKnownFileType = file; path = "SF-Pro-Display-Regular.otf"; sourceTree = "<group>"; };
		F19188C22963716300339FF5 /* SF-Pro-Display-Bold.otf */ = {isa = PBXFileReference; lastKnownFileType = file; path = "SF-Pro-Display-Bold.otf"; sourceTree = "<group>"; };
		F19188C32963716400339FF5 /* SF-Pro-Display-RegularItalic.otf */ = {isa = PBXFileReference; lastKnownFileType = file; path = "SF-Pro-Display-RegularItalic.otf"; sourceTree = "<group>"; };
		F19188C42963716500339FF5 /* SF-Pro-Display-Light.otf */ = {isa = PBXFileReference; lastKnownFileType = file; path = "SF-Pro-Display-Light.otf"; sourceTree = "<group>"; };
		F19188C52963716500339FF5 /* SF-Pro-Display-ThinItalic.otf */ = {isa = PBXFileReference; lastKnownFileType = file; path = "SF-Pro-Display-ThinItalic.otf"; sourceTree = "<group>"; };
		F19188C62963716600339FF5 /* SF-Pro-Display-Medium.otf */ = {isa = PBXFileReference; lastKnownFileType = file; path = "SF-Pro-Display-Medium.otf"; sourceTree = "<group>"; };
		F19188C72963716700339FF5 /* SF-Pro-Display-Ultralight.otf */ = {isa = PBXFileReference; lastKnownFileType = file; path = "SF-Pro-Display-Ultralight.otf"; sourceTree = "<group>"; };
		F19188C82963716800339FF5 /* SF-Pro-Display-SemiboldItalic.otf */ = {isa = PBXFileReference; lastKnownFileType = file; path = "SF-Pro-Display-SemiboldItalic.otf"; sourceTree = "<group>"; };
		F19188C92963716B00339FF5 /* SF-Pro-Display-Thin.otf */ = {isa = PBXFileReference; lastKnownFileType = file; path = "SF-Pro-Display-Thin.otf"; sourceTree = "<group>"; };
		F19188CA2963716C00339FF5 /* SF-Pro-Display-Black.otf */ = {isa = PBXFileReference; lastKnownFileType = file; path = "SF-Pro-Display-Black.otf"; sourceTree = "<group>"; };
		F19188CB2963716D00339FF5 /* SF-Pro-Display-LightItalic.otf */ = {isa = PBXFileReference; lastKnownFileType = file; path = "SF-Pro-Display-LightItalic.otf"; sourceTree = "<group>"; };
		F19188CC2963716E00339FF5 /* SF-Pro-Display-BoldItalic.otf */ = {isa = PBXFileReference; lastKnownFileType = file; path = "SF-Pro-Display-BoldItalic.otf"; sourceTree = "<group>"; };
		F19188CD2963716F00339FF5 /* SF-Pro-Display-BlackItalic.otf */ = {isa = PBXFileReference; lastKnownFileType = file; path = "SF-Pro-Display-BlackItalic.otf"; sourceTree = "<group>"; };
		F19188CE2963716F00339FF5 /* SF-Pro-Display-HeavyItalic.otf */ = {isa = PBXFileReference; lastKnownFileType = file; path = "SF-Pro-Display-HeavyItalic.otf"; sourceTree = "<group>"; };
		F40335E528B32D02004A1314 /* Assets.xcassets */ = {isa = PBXFileReference; lastKnownFileType = folder.assetcatalog; path = Assets.xcassets; sourceTree = "<group>"; };
		F435C7B327A8A396000F5DA6 /* AccountType.swift */ = {isa = PBXFileReference; lastKnownFileType = sourcecode.swift; path = AccountType.swift; sourceTree = "<group>"; };
		F435C7B527A8B8D4000F5DA6 /* NewPersonalItemViewController.swift */ = {isa = PBXFileReference; lastKnownFileType = sourcecode.swift; path = NewPersonalItemViewController.swift; sourceTree = "<group>"; };
		F445BB3B274B4C2C00929CA6 /* Network.swift */ = {isa = PBXFileReference; lastKnownFileType = sourcecode.swift; path = Network.swift; sourceTree = "<group>"; };
		F445BB3D274C735800929CA6 /* FilterCriteria.swift */ = {isa = PBXFileReference; lastKnownFileType = sourcecode.swift; path = FilterCriteria.swift; sourceTree = "<group>"; };
		F445BB3F274C7ADB00929CA6 /* Image.swift */ = {isa = PBXFileReference; lastKnownFileType = sourcecode.swift; path = Image.swift; sourceTree = "<group>"; };
		F445BB4127530ECE00929CA6 /* Filter.swift */ = {isa = PBXFileReference; lastKnownFileType = sourcecode.swift; path = Filter.swift; sourceTree = "<group>"; };
		F456D43B279FB28A0001C8BD /* UserProfileCellViewModel.swift */ = {isa = PBXFileReference; lastKnownFileType = sourcecode.swift; path = UserProfileCellViewModel.swift; sourceTree = "<group>"; };
		F456D43E27A242D30001C8BD /* NameTableViewCell.swift */ = {isa = PBXFileReference; lastKnownFileType = sourcecode.swift; path = NameTableViewCell.swift; sourceTree = "<group>"; };
		F456D44027A245430001C8BD /* EmailTableViewCell.swift */ = {isa = PBXFileReference; lastKnownFileType = sourcecode.swift; path = EmailTableViewCell.swift; sourceTree = "<group>"; };
		F475BE8527B0C9A40033C4EE /* ChangePasswordViewController.swift */ = {isa = PBXFileReference; lastKnownFileType = sourcecode.swift; path = ChangePasswordViewController.swift; sourceTree = "<group>"; };
		F48A2F9E2771840C0060FEB7 /* RecipeModel.swift */ = {isa = PBXFileReference; lastKnownFileType = sourcecode.swift; path = RecipeModel.swift; sourceTree = "<group>"; };
		F48A2FA0277184230060FEB7 /* FoodModel.swift */ = {isa = PBXFileReference; lastKnownFileType = sourcecode.swift; path = FoodModel.swift; sourceTree = "<group>"; };
		F48A2FA22771842E0060FEB7 /* StepModel.swift */ = {isa = PBXFileReference; lastKnownFileType = sourcecode.swift; path = StepModel.swift; sourceTree = "<group>"; };
		F48A2FA4277AD5960060FEB7 /* NewRecipeTableViewCellViewModelProtocol.swift */ = {isa = PBXFileReference; lastKnownFileType = sourcecode.swift; path = NewRecipeTableViewCellViewModelProtocol.swift; sourceTree = "<group>"; };
		F48A2FA6277AD6AA0060FEB7 /* NewRecipeTableViewCellViewModel.swift */ = {isa = PBXFileReference; lastKnownFileType = sourcecode.swift; path = NewRecipeTableViewCellViewModel.swift; sourceTree = "<group>"; };
		F48A2FA8277ADB3C0060FEB7 /* NewIngredientTableViewCellViewModelProtocol.swift */ = {isa = PBXFileReference; lastKnownFileType = sourcecode.swift; path = NewIngredientTableViewCellViewModelProtocol.swift; sourceTree = "<group>"; };
		F48A2FAA277ADBB60060FEB7 /* NewStepTableViewCellViewModelProtocol.swift */ = {isa = PBXFileReference; lastKnownFileType = sourcecode.swift; path = NewStepTableViewCellViewModelProtocol.swift; sourceTree = "<group>"; };
		F48A2FAC277ADC1B0060FEB7 /* NewIngredientTableViewCellViewModel.swift */ = {isa = PBXFileReference; lastKnownFileType = sourcecode.swift; path = NewIngredientTableViewCellViewModel.swift; sourceTree = "<group>"; };
		F48A2FAE277ADC610060FEB7 /* NewStepTableViewCellViewModel.swift */ = {isa = PBXFileReference; lastKnownFileType = sourcecode.swift; path = NewStepTableViewCellViewModel.swift; sourceTree = "<group>"; };
		F48A2FB0277C06670060FEB7 /* AboutNewRecipeTableViewCell.swift */ = {isa = PBXFileReference; lastKnownFileType = sourcecode.swift; path = AboutNewRecipeTableViewCell.swift; sourceTree = "<group>"; };
		F48A2FB2277D37010060FEB7 /* AboutNewRecipeViewController.swift */ = {isa = PBXFileReference; lastKnownFileType = sourcecode.swift; path = AboutNewRecipeViewController.swift; sourceTree = "<group>"; };
		F48A2FB6278279120060FEB7 /* AboutNewTableViewCell.xib */ = {isa = PBXFileReference; lastKnownFileType = file.xib; path = AboutNewTableViewCell.xib; sourceTree = "<group>"; };
		F48A2FB82782A5FE0060FEB7 /* PortionsTableViewCell.xib */ = {isa = PBXFileReference; lastKnownFileType = file.xib; path = PortionsTableViewCell.xib; sourceTree = "<group>"; };
		F48A2FBA2782A7A60060FEB7 /* PortionsTableViewCell.swift */ = {isa = PBXFileReference; lastKnownFileType = sourcecode.swift; path = PortionsTableViewCell.swift; sourceTree = "<group>"; };
		F48A2FBE2782CB9C0060FEB7 /* NameTimeViewController.swift */ = {isa = PBXFileReference; lastKnownFileType = sourcecode.swift; path = NameTimeViewController.swift; sourceTree = "<group>"; };
		F49FA8FC278CA2AA002A7F8C /* GlobalVariable.swift */ = {isa = PBXFileReference; lastKnownFileType = sourcecode.swift; path = GlobalVariable.swift; sourceTree = "<group>"; };
		F49FA8FE278CF491002A7F8C /* PurchaseModel.swift */ = {isa = PBXFileReference; lastKnownFileType = sourcecode.swift; path = PurchaseModel.swift; sourceTree = "<group>"; };
		F4AF68D0275F2970008ED312 /* SaveRecipeTableViewCell.swift */ = {isa = PBXFileReference; lastKnownFileType = sourcecode.swift; path = SaveRecipeTableViewCell.swift; sourceTree = "<group>"; };
		F4B0B643279519C200BE9964 /* UIViewController.swift */ = {isa = PBXFileReference; lastKnownFileType = sourcecode.swift; path = UIViewController.swift; sourceTree = "<group>"; };
		F4B0B645279668E700BE9964 /* PurchaseFood.swift */ = {isa = PBXFileReference; lastKnownFileType = sourcecode.swift; path = PurchaseFood.swift; sourceTree = "<group>"; };
		F4B0B647279768EF00BE9964 /* ProfileTableViewViewModel.swift */ = {isa = PBXFileReference; lastKnownFileType = sourcecode.swift; path = ProfileTableViewViewModel.swift; sourceTree = "<group>"; };
		F4CE112A27A261DC0041B840 /* NameTableViewCell.xib */ = {isa = PBXFileReference; lastKnownFileType = file.xib; path = NameTableViewCell.xib; sourceTree = "<group>"; };
		F4CE112C27A2677B0041B840 /* EmailTableViewCell.xib */ = {isa = PBXFileReference; lastKnownFileType = file.xib; path = EmailTableViewCell.xib; sourceTree = "<group>"; };
		F4CE112E27A2693C0041B840 /* ChangeEmailViewController.swift */ = {isa = PBXFileReference; lastKnownFileType = sourcecode.swift; path = ChangeEmailViewController.swift; sourceTree = "<group>"; };
		F4E087EA279E56C600B0D54F /* NameLastNameViewController.swift */ = {isa = PBXFileReference; lastKnownFileType = sourcecode.swift; path = NameLastNameViewController.swift; sourceTree = "<group>"; };
		F4E71A0D2783F01E009B3AE0 /* SaveRecipeTableViewCell.xib */ = {isa = PBXFileReference; lastKnownFileType = file.xib; path = SaveRecipeTableViewCell.xib; sourceTree = "<group>"; };
		F4E71A0F27854291009B3AE0 /* ImageModel.swift */ = {isa = PBXFileReference; lastKnownFileType = sourcecode.swift; path = ImageModel.swift; sourceTree = "<group>"; };
		F4E71A11278545D2009B3AE0 /* FoodStorage.swift */ = {isa = PBXFileReference; lastKnownFileType = sourcecode.swift; path = FoodStorage.swift; sourceTree = "<group>"; };
		F4E71A132785502A009B3AE0 /* Product.swift */ = {isa = PBXFileReference; lastKnownFileType = sourcecode.swift; path = Product.swift; sourceTree = "<group>"; };
		F4E71A15278A7058009B3AE0 /* FirebaseStorageServiceManager.swift */ = {isa = PBXFileReference; lastKnownFileType = sourcecode.swift; path = FirebaseStorageServiceManager.swift; sourceTree = "<group>"; };
/* End PBXFileReference section */

/* Begin PBXFrameworksBuildPhase section */
		F1409C3325E4CC7700846534 /* Frameworks */ = {
			isa = PBXFrameworksBuildPhase;
			buildActionMask = 2147483647;
			files = (
				D15135189BCD2FFB4F29312E /* Pods_foodmonster.framework in Frameworks */,
			);
			runOnlyForDeploymentPostprocessing = 0;
		};
		F1409C4C25E4CC7800846534 /* Frameworks */ = {
			isa = PBXFrameworksBuildPhase;
			buildActionMask = 2147483647;
			files = (
			);
			runOnlyForDeploymentPostprocessing = 0;
		};
		F1409C5725E4CC7800846534 /* Frameworks */ = {
			isa = PBXFrameworksBuildPhase;
			buildActionMask = 2147483647;
			files = (
			);
			runOnlyForDeploymentPostprocessing = 0;
		};
/* End PBXFrameworksBuildPhase section */

/* Begin PBXGroup section */
		3F103128C8FB9F53B141352A /* Frameworks */ = {
			isa = PBXGroup;
			children = (
				D014C2DE2E36D3F61FC8092D /* Pods_foodmonster.framework */,
			);
			name = Frameworks;
			sourceTree = "<group>";
		};
		6114A234560A0F19BEAAC3FC /* Pods */ = {
			isa = PBXGroup;
			children = (
				A544012D91B39E9CB5D89B77 /* Pods-foodmonster.debug.xcconfig */,
				473F430E2730B8841D41B7A2 /* Pods-foodmonster.release.xcconfig */,
			);
			path = Pods;
			sourceTree = "<group>";
		};
		F11B14BF25E4D6060001F1C5 /* enum */ = {
			isa = PBXGroup;
			children = (
				F11B14C025E4D6060001F1C5 /* Cells.swift */,
				F11B14C125E4D6060001F1C5 /* ASCIIControlCharacter.swift */,
				F11B14C225E4D6060001F1C5 /* MainMenu.swift */,
				F445BB3B274B4C2C00929CA6 /* Network.swift */,
				F11B14C325E4D6060001F1C5 /* Seque.swift */,
				F435C7B327A8A396000F5DA6 /* AccountType.swift */,
				F18737C3298226B200385A56 /* Anon.swift */,
			);
			path = enum;
			sourceTree = "<group>";
		};
		F11B14C425E4D6070001F1C5 /* protocol */ = {
			isa = PBXGroup;
			children = (
				F11B14C625E4D6070001F1C5 /* cell */,
			);
			path = protocol;
			sourceTree = "<group>";
		};
		F11B14C625E4D6070001F1C5 /* cell */ = {
			isa = PBXGroup;
			children = (
				F11B14C725E4D6070001F1C5 /* tableview */,
			);
			path = cell;
			sourceTree = "<group>";
		};
		F11B14C725E4D6070001F1C5 /* tableview */ = {
			isa = PBXGroup;
			children = (
				F48A2FA8277ADB3C0060FEB7 /* NewIngredientTableViewCellViewModelProtocol.swift */,
				F11B14C825E4D6070001F1C5 /* FoodPurchaseTableViewCellViewModelProtocol.swift */,
				F11B14C925E4D6070001F1C5 /* IngredientTableViewCellViewModelProtocol.swift */,
				F11B14CA25E4D6070001F1C5 /* HeaderPurchaseTableViewCellViewModelProtocol.swift */,
				F11B14CB25E4D6070001F1C5 /* RecipeTableViewCellViewModelProtocol.swift */,
				F11B14CC25E4D6070001F1C5 /* StepOfRecipeTableViewCellViewModelProtocol.swift */,
				F48A2FA4277AD5960060FEB7 /* NewRecipeTableViewCellViewModelProtocol.swift */,
				F48A2FAA277ADBB60060FEB7 /* NewStepTableViewCellViewModelProtocol.swift */,
				F456D43B279FB28A0001C8BD /* UserProfileCellViewModel.swift */,
			);
			path = tableview;
			sourceTree = "<group>";
		};
		F11B14D525E4D6070001F1C5 /* entity */ = {
			isa = PBXGroup;
			children = (
				F48A2F9D27717DE90060FEB7 /* model */,
				F11B14D625E4D6070001F1C5 /* Recipe.swift */,
				F11B14D725E4D6070001F1C5 /* Purchase.swift */,
				F11B14D825E4D6070001F1C5 /* Step.swift */,
				F11B14D925E4D6070001F1C5 /* Food.swift */,
				F11B14DA25E4D6070001F1C5 /* Credentials.swift */,
				F133E4C325EC83C80058D544 /* User.swift */,
				F445BB3D274C735800929CA6 /* FilterCriteria.swift */,
				F445BB3F274C7ADB00929CA6 /* Image.swift */,
				F445BB4127530ECE00929CA6 /* Filter.swift */,
				F4E71A132785502A009B3AE0 /* Product.swift */,
				F4B0B645279668E700BE9964 /* PurchaseFood.swift */,
				F12AB7D029989F4B0092D5DB /* WrapedRecipe.swift */,
			);
			path = entity;
			sourceTree = "<group>";
		};
		F11B14DB25E4D6070001F1C5 /* controller */ = {
			isa = PBXGroup;
			children = (
				F11B14DF25E4D6070001F1C5 /* cell */,
				F11B14F925E4D6070001F1C5 /* view */,
				F11B14DC25E4D6070001F1C5 /* RecipeDetailTableViewController.swift */,
				F475BE8527B0C9A40033C4EE /* ChangePasswordViewController.swift */,
				F11B14DD25E4D6070001F1C5 /* PurchaseTableViewController.swift */,
				F11B14DE25E4D6070001F1C5 /* NewStepViewController.swift */,
				F11B14F625E4D6070001F1C5 /* MyRecipesTableViewController.swift */,
				F133E4BB25EC64940058D544 /* LaunchViewController.swift */,
				F11B14F725E4D6070001F1C5 /* MainMenuCollectionViewController.swift */,
				F11B14F825E4D6070001F1C5 /* NewIngredientViewController.swift */,
				F11B14FB25E4D6070001F1C5 /* LoginViewController.swift */,
				F11B14FC25E4D6070001F1C5 /* NewRecipeTableViewController.swift */,
				F11B14FD25E4D6070001F1C5 /* CategoryTableViewController.swift */,
				F133E4B625EC617F0058D544 /* CustomRegisterViewController.swift */,
				F133E4CE25ECAB180058D544 /* ProfileTableViewController.swift */,
				F48A2FB2277D37010060FEB7 /* AboutNewRecipeViewController.swift */,
				F48A2FBE2782CB9C0060FEB7 /* NameTimeViewController.swift */,
				F4E087EA279E56C600B0D54F /* NameLastNameViewController.swift */,
				F4CE112E27A2693C0041B840 /* ChangeEmailViewController.swift */,
				F435C7B527A8B8D4000F5DA6 /* NewPersonalItemViewController.swift */,
				F12AB7CE299846190092D5DB /* ResetPasswordViewController.swift */,
			);
			path = controller;
			sourceTree = "<group>";
		};
		F11B14DF25E4D6070001F1C5 /* cell */ = {
			isa = PBXGroup;
			children = (
				F11B14E025E4D6070001F1C5 /* tableview */,
				F11B14F425E4D6070001F1C5 /* collectionview */,
			);
			path = cell;
			sourceTree = "<group>";
		};
		F11B14E025E4D6070001F1C5 /* tableview */ = {
			isa = PBXGroup;
			children = (
				F456D43D27A241B60001C8BD /* profile */,
				F11B14E125E4D6070001F1C5 /* RecipeDetailTableViewCell.swift */,
				F11B14E225E4D6070001F1C5 /* CathegoryTableViewCell.swift */,
				F11B14E325E4D6070001F1C5 /* MyRecipesTableViewCell.swift */,
				F11B14E425E4D6070001F1C5 /* newrecipe */,
				F11B14EB25E4D6070001F1C5 /* purchase */,
				F11B14EE25E4D6070001F1C5 /* recipedetailes */,
			);
			path = tableview;
			sourceTree = "<group>";
		};
		F11B14E425E4D6070001F1C5 /* newrecipe */ = {
			isa = PBXGroup;
			children = (
				F11B14E525E4D6070001F1C5 /* NewIngredientTableViewCell.swift */,
				F11B14E625E4D6070001F1C5 /* CookTimeTableViewCell.swift */,
				F11B14E725E4D6070001F1C5 /* RecipeCategoryTableViewCell.swift */,
				F11B14E825E4D6070001F1C5 /* AddItemTableViewCell.swift */,
				F11B14E925E4D6070001F1C5 /* CookStepTableViewCell.swift */,
				F11B14EA25E4D6070001F1C5 /* RecipeNameTableViewCell.swift */,
				F4AF68D0275F2970008ED312 /* SaveRecipeTableViewCell.swift */,
				F48A2FB0277C06670060FEB7 /* AboutNewRecipeTableViewCell.swift */,
			);
			path = newrecipe;
			sourceTree = "<group>";
		};
		F11B14EB25E4D6070001F1C5 /* purchase */ = {
			isa = PBXGroup;
			children = (
				F11B14EC25E4D6070001F1C5 /* FoodPurchaseTableViewCell.swift */,
				F11B14ED25E4D6070001F1C5 /* HeaderPurchaseTableViewCell.swift */,
			);
			path = purchase;
			sourceTree = "<group>";
		};
		F11B14EE25E4D6070001F1C5 /* recipedetailes */ = {
			isa = PBXGroup;
			children = (
				F11B14EF25E4D6070001F1C5 /* StepOfRecipeTableViewCell.swift */,
				F11B14F025E4D6070001F1C5 /* ServeTableViewCell.swift */,
				F11B14F125E4D6070001F1C5 /* InfoRecipeTableViewCell.swift */,
				F11B14F225E4D6070001F1C5 /* IngredientOfRecipeTableViewCell.swift */,
				F11B14F325E4D6070001F1C5 /* AboutRecipeTableViewCell.swift */,
				F48A2FBA2782A7A60060FEB7 /* PortionsTableViewCell.swift */,
			);
			path = recipedetailes;
			sourceTree = "<group>";
		};
		F11B14F425E4D6070001F1C5 /* collectionview */ = {
			isa = PBXGroup;
			children = (
				F11B14F525E4D6070001F1C5 /* MainMenuCollectionViewCell.swift */,
			);
			path = collectionview;
			sourceTree = "<group>";
		};
		F11B14F925E4D6070001F1C5 /* view */ = {
			isa = PBXGroup;
			children = (
				F11B14FA25E4D6070001F1C5 /* HeaderDetailRecipeTableView.swift */,
			);
			path = view;
			sourceTree = "<group>";
		};
		F11B14FE25E4D6080001F1C5 /* service */ = {
			isa = PBXGroup;
			children = (
				F11B14FF25E4D6080001F1C5 /* DataNetworkManager.swift */,
				F11B150025E4D6080001F1C5 /* AuthanticateManager.swift */,
				F4E71A15278A7058009B3AE0 /* FirebaseStorageServiceManager.swift */,
			);
			path = service;
			sourceTree = "<group>";
		};
		F11B150125E4D6080001F1C5 /* viewmodel */ = {
			isa = PBXGroup;
			children = (
				F11B150325E4D6080001F1C5 /* cell */,
				F11B150B25E4D6080001F1C5 /* RecipeDetailsTableViewViewModel.swift */,
				F11B150225E4D6080001F1C5 /* CategoryTableViewViewModel.swift */,
				F11B150C25E4D6080001F1C5 /* PurchaseTableViewViewModel.swift */,
				F11B150D25E4D6080001F1C5 /* NewRecipeTableViewViewModel.swift */,
				F4B0B647279768EF00BE9964 /* ProfileTableViewViewModel.swift */,
			);
			path = viewmodel;
			sourceTree = "<group>";
		};
		F11B150325E4D6080001F1C5 /* cell */ = {
			isa = PBXGroup;
			children = (
				F11B150425E4D6080001F1C5 /* tableview */,
				F11B150A25E4D6080001F1C5 /* collectionview */,
			);
			path = cell;
			sourceTree = "<group>";
		};
		F11B150425E4D6080001F1C5 /* tableview */ = {
			isa = PBXGroup;
			children = (
				F11B150525E4D6080001F1C5 /* FoodPurchaseTableViewCellViewModel.swift */,
				F11B150625E4D6080001F1C5 /* IngredientTableViewCellViewModel.swift */,
				F11B150725E4D6080001F1C5 /* StepOfRecipeTableViewCellViewModel.swift */,
				F11B150825E4D6080001F1C5 /* RecipeTableViewCellViewModel.swift */,
				F11B150925E4D6080001F1C5 /* HeaderPurchaseTableViewCellViewModel.swift */,
				F48A2FA6277AD6AA0060FEB7 /* NewRecipeTableViewCellViewModel.swift */,
				F48A2FAC277ADC1B0060FEB7 /* NewIngredientTableViewCellViewModel.swift */,
				F48A2FAE277ADC610060FEB7 /* NewStepTableViewCellViewModel.swift */,
			);
			path = tableview;
			sourceTree = "<group>";
		};
		F11B150A25E4D6080001F1C5 /* collectionview */ = {
			isa = PBXGroup;
			children = (
			);
			path = collectionview;
			sourceTree = "<group>";
		};
		F11B159725E4D7830001F1C5 /* XiB */ = {
			isa = PBXGroup;
			children = (
				F456D44227A2612C0001C8BD /* profile */,
				F11B159825E4D7830001F1C5 /* RecipeDetails */,
				F11B159E25E4D7830001F1C5 /* NewRecipe */,
				F11B15A525E4D7830001F1C5 /* Purchase */,
			);
			path = XiB;
			sourceTree = "<group>";
		};
		F11B159825E4D7830001F1C5 /* RecipeDetails */ = {
			isa = PBXGroup;
			children = (
				F11B159925E4D7830001F1C5 /* IngredientOfRecipeTableViewCell.xib */,
				F11B159A25E4D7830001F1C5 /* AboutRecipeTableViewCell.xib */,
				F11B159B25E4D7830001F1C5 /* InfoRecipeTableViewCell.xib */,
				F11B159C25E4D7830001F1C5 /* StepOfRecipeTableViewCell.xib */,
				F11B159D25E4D7830001F1C5 /* ServeTableViewCell.xib */,
			);
			path = RecipeDetails;
			sourceTree = "<group>";
		};
		F11B159E25E4D7830001F1C5 /* NewRecipe */ = {
			isa = PBXGroup;
			children = (
				F11B159F25E4D7830001F1C5 /* CookTimeTableViewCell.xib */,
				F11B15A025E4D7830001F1C5 /* CookStepTableViewCell.xib */,
				F11B15A125E4D7830001F1C5 /* NewIngredientTableViewCell.xib */,
				F11B15A225E4D7830001F1C5 /* AddItemTableViewCell.xib */,
				F11B15A325E4D7830001F1C5 /* RecipeCategoryTableViewCell.xib */,
				F11B15A425E4D7830001F1C5 /* RecipeNameTableViewCell.xib */,
				F48A2FB6278279120060FEB7 /* AboutNewTableViewCell.xib */,
				F48A2FB82782A5FE0060FEB7 /* PortionsTableViewCell.xib */,
				F4E71A0D2783F01E009B3AE0 /* SaveRecipeTableViewCell.xib */,
			);
			path = NewRecipe;
			sourceTree = "<group>";
		};
		F11B15A525E4D7830001F1C5 /* Purchase */ = {
			isa = PBXGroup;
			children = (
				F11B15A625E4D7830001F1C5 /* HeaderPurchaseTableViewCell.xib */,
				F11B15A725E4D7830001F1C5 /* PurchaseTableViewCell.xib */,
				F11B15A825E4D7830001F1C5 /* AddCustomPurchaseTableViewCell.xib */,
			);
			path = Purchase;
			sourceTree = "<group>";
		};
		F11B15E225E4D9320001F1C5 /* model */ = {
			isa = PBXGroup;
			children = (
				F11B15E325E4D9320001F1C5 /* ModelTests.swift */,
			);
			path = model;
			sourceTree = "<group>";
		};
		F1409C2D25E4CC7700846534 = {
			isa = PBXGroup;
			children = (
				F1409C3825E4CC7700846534 /* foodmonster */,
				F1409C5225E4CC7800846534 /* foodmonsterTests */,
				F1409C5D25E4CC7800846534 /* foodmonsterUITests */,
				F1409C3725E4CC7700846534 /* Products */,
				6114A234560A0F19BEAAC3FC /* Pods */,
				3F103128C8FB9F53B141352A /* Frameworks */,
			);
			sourceTree = "<group>";
		};
		F1409C3725E4CC7700846534 /* Products */ = {
			isa = PBXGroup;
			children = (
				F1409C3625E4CC7700846534 /* foodmonster.app */,
				F1409C4F25E4CC7800846534 /* foodmonsterTests.xctest */,
				F1409C5A25E4CC7800846534 /* foodmonsterUITests.xctest */,
			);
			name = Products;
			sourceTree = "<group>";
		};
		F1409C3825E4CC7700846534 /* foodmonster */ = {
			isa = PBXGroup;
			children = (
				F13A81EF29863BAD003D5E12 /* foodmonster.entitlements */,
				F4B0B642279519B200BE9964 /* extension */,
				F1409C3925E4CC7700846534 /* AppDelegate.swift */,
				F11B14DB25E4D6070001F1C5 /* controller */,
				F11B14BF25E4D6060001F1C5 /* enum */,
				F11B14D525E4D6070001F1C5 /* entity */,
				F11B14C425E4D6070001F1C5 /* protocol */,
				F11B14FE25E4D6080001F1C5 /* service */,
				F11B150125E4D6080001F1C5 /* viewmodel */,
				F11B159725E4D7830001F1C5 /* XiB */,
				F1409C3B25E4CC7700846534 /* SceneDelegate.swift */,
				F19188BC2963712C00339FF5 /* fonts */,
				F11B14A225E4D5940001F1C5 /* AppTabBar.swift */,
				F11B14A125E4D5940001F1C5 /* Constant.swift */,
				F49FA8FC278CA2AA002A7F8C /* GlobalVariable.swift */,
				F11B14A325E4D5950001F1C5 /* TabBarViewController.swift */,
				F11B14B625E4D5DF0001F1C5 /* LaunchScreen.storyboard */,
				F11B14B525E4D5DE0001F1C5 /* Main.storyboard */,
				F40335E528B32D02004A1314 /* Assets.xcassets */,
				F1409C4A25E4CC7800846534 /* Info.plist */,
				F1409C4225E4CC7700846534 /* foodmonster.xcdatamodeld */,
				F11B160225EC5AFA0001F1C5 /* GoogleService-Info.plist */,
			);
			path = foodmonster;
			sourceTree = "<group>";
		};
		F1409C5225E4CC7800846534 /* foodmonsterTests */ = {
			isa = PBXGroup;
			children = (
				F11B15E225E4D9320001F1C5 /* model */,
				F1409C5325E4CC7800846534 /* foodmonsterTests.swift */,
				F1409C5525E4CC7800846534 /* Info.plist */,
			);
			path = foodmonsterTests;
			sourceTree = "<group>";
		};
		F1409C5D25E4CC7800846534 /* foodmonsterUITests */ = {
			isa = PBXGroup;
			children = (
				F1409C5E25E4CC7800846534 /* foodmonsterUITests.swift */,
				F1409C6025E4CC7800846534 /* Info.plist */,
			);
			path = foodmonsterUITests;
			sourceTree = "<group>";
		};
		F19188BC2963712C00339FF5 /* fonts */ = {
			isa = PBXGroup;
			children = (
				F19188CA2963716C00339FF5 /* SF-Pro-Display-Black.otf */,
				F19188CD2963716F00339FF5 /* SF-Pro-Display-BlackItalic.otf */,
				F19188C22963716300339FF5 /* SF-Pro-Display-Bold.otf */,
				F19188CC2963716E00339FF5 /* SF-Pro-Display-BoldItalic.otf */,
				F19188BE2963716000339FF5 /* SF-Pro-Display-Heavy.otf */,
				F19188CE2963716F00339FF5 /* SF-Pro-Display-HeavyItalic.otf */,
				F19188C42963716500339FF5 /* SF-Pro-Display-Light.otf */,
				F19188CB2963716D00339FF5 /* SF-Pro-Display-LightItalic.otf */,
				F19188C62963716600339FF5 /* SF-Pro-Display-Medium.otf */,
				F19188C02963716200339FF5 /* SF-Pro-Display-MediumItalic.otf */,
				F19188C12963716200339FF5 /* SF-Pro-Display-Regular.otf */,
				F19188C32963716400339FF5 /* SF-Pro-Display-RegularItalic.otf */,
				F19188BF2963716100339FF5 /* SF-Pro-Display-Semibold.otf */,
				F19188C82963716800339FF5 /* SF-Pro-Display-SemiboldItalic.otf */,
				F19188C92963716B00339FF5 /* SF-Pro-Display-Thin.otf */,
				F19188C52963716500339FF5 /* SF-Pro-Display-ThinItalic.otf */,
				F19188C72963716700339FF5 /* SF-Pro-Display-Ultralight.otf */,
				F19188BD2963715F00339FF5 /* SF-Pro-Display-UltralightItalic.otf */,
			);
			path = fonts;
			sourceTree = "<group>";
		};
		F456D43D27A241B60001C8BD /* profile */ = {
			isa = PBXGroup;
			children = (
				F456D43E27A242D30001C8BD /* NameTableViewCell.swift */,
				F456D44027A245430001C8BD /* EmailTableViewCell.swift */,
			);
			path = profile;
			sourceTree = "<group>";
		};
		F456D44227A2612C0001C8BD /* profile */ = {
			isa = PBXGroup;
			children = (
				F4CE112A27A261DC0041B840 /* NameTableViewCell.xib */,
				F4CE112C27A2677B0041B840 /* EmailTableViewCell.xib */,
			);
			path = profile;
			sourceTree = "<group>";
		};
		F48A2F9D27717DE90060FEB7 /* model */ = {
			isa = PBXGroup;
			children = (
				F48A2F9E2771840C0060FEB7 /* RecipeModel.swift */,
				F48A2FA0277184230060FEB7 /* FoodModel.swift */,
				F48A2FA22771842E0060FEB7 /* StepModel.swift */,
				F4E71A0F27854291009B3AE0 /* ImageModel.swift */,
				F4E71A11278545D2009B3AE0 /* FoodStorage.swift */,
				F49FA8FE278CF491002A7F8C /* PurchaseModel.swift */,
				F13A81F0298961BA003D5E12 /* RecipeError.swift */,
			);
			path = model;
			sourceTree = "<group>";
		};
		F4B0B642279519B200BE9964 /* extension */ = {
			isa = PBXGroup;
			children = (
				F4B0B643279519C200BE9964 /* UIViewController.swift */,
				F180D3B3298E183B00F7B69D /* UIImageView.swift */,
				F180D3B5298F1B5200F7B69D /* GradientView.swift */,
			);
			path = extension;
			sourceTree = "<group>";
		};
/* End PBXGroup section */

/* Begin PBXNativeTarget section */
		F1409C3525E4CC7700846534 /* foodmonster */ = {
			isa = PBXNativeTarget;
			buildConfigurationList = F1409C6325E4CC7800846534 /* Build configuration list for PBXNativeTarget "foodmonster" */;
			buildPhases = (
				681C4945BF43E28471EA6842 /* [CP] Check Pods Manifest.lock */,
				F1409C3225E4CC7700846534 /* Sources */,
				F1409C3325E4CC7700846534 /* Frameworks */,
				F1409C3425E4CC7700846534 /* Resources */,
				0946655E0A576B21ECAED73F /* [CP] Embed Pods Frameworks */,
			);
			buildRules = (
			);
			dependencies = (
			);
			name = foodmonster;
			productName = foodmonster;
			productReference = F1409C3625E4CC7700846534 /* foodmonster.app */;
			productType = "com.apple.product-type.application";
		};
		F1409C4E25E4CC7800846534 /* foodmonsterTests */ = {
			isa = PBXNativeTarget;
			buildConfigurationList = F1409C6625E4CC7800846534 /* Build configuration list for PBXNativeTarget "foodmonsterTests" */;
			buildPhases = (
				F1409C4B25E4CC7800846534 /* Sources */,
				F1409C4C25E4CC7800846534 /* Frameworks */,
				F1409C4D25E4CC7800846534 /* Resources */,
			);
			buildRules = (
			);
			dependencies = (
				F1409C5125E4CC7800846534 /* PBXTargetDependency */,
			);
			name = foodmonsterTests;
			productName = foodmonsterTests;
			productReference = F1409C4F25E4CC7800846534 /* foodmonsterTests.xctest */;
			productType = "com.apple.product-type.bundle.unit-test";
		};
		F1409C5925E4CC7800846534 /* foodmonsterUITests */ = {
			isa = PBXNativeTarget;
			buildConfigurationList = F1409C6925E4CC7800846534 /* Build configuration list for PBXNativeTarget "foodmonsterUITests" */;
			buildPhases = (
				F1409C5625E4CC7800846534 /* Sources */,
				F1409C5725E4CC7800846534 /* Frameworks */,
				F1409C5825E4CC7800846534 /* Resources */,
			);
			buildRules = (
			);
			dependencies = (
				F1409C5C25E4CC7800846534 /* PBXTargetDependency */,
			);
			name = foodmonsterUITests;
			productName = foodmonsterUITests;
			productReference = F1409C5A25E4CC7800846534 /* foodmonsterUITests.xctest */;
			productType = "com.apple.product-type.bundle.ui-testing";
		};
/* End PBXNativeTarget section */

/* Begin PBXProject section */
		F1409C2E25E4CC7700846534 /* Project object */ = {
			isa = PBXProject;
			attributes = {
				LastSwiftUpdateCheck = 1240;
				LastUpgradeCheck = 1340;
				TargetAttributes = {
					F1409C3525E4CC7700846534 = {
						CreatedOnToolsVersion = 12.4;
					};
					F1409C4E25E4CC7800846534 = {
						CreatedOnToolsVersion = 12.4;
						TestTargetID = F1409C3525E4CC7700846534;
					};
					F1409C5925E4CC7800846534 = {
						CreatedOnToolsVersion = 12.4;
						TestTargetID = F1409C3525E4CC7700846534;
					};
				};
			};
			buildConfigurationList = F1409C3125E4CC7700846534 /* Build configuration list for PBXProject "foodmonster" */;
			compatibilityVersion = "Xcode 9.3";
			developmentRegion = en;
			hasScannedForEncodings = 0;
			knownRegions = (
				en,
				Base,
			);
			mainGroup = F1409C2D25E4CC7700846534;
			productRefGroup = F1409C3725E4CC7700846534 /* Products */;
			projectDirPath = "";
			projectRoot = "";
			targets = (
				F1409C3525E4CC7700846534 /* foodmonster */,
				F1409C4E25E4CC7800846534 /* foodmonsterTests */,
				F1409C5925E4CC7800846534 /* foodmonsterUITests */,
			);
		};
/* End PBXProject section */

/* Begin PBXResourcesBuildPhase section */
		F1409C3425E4CC7700846534 /* Resources */ = {
			isa = PBXResourcesBuildPhase;
			buildActionMask = 2147483647;
			files = (
				F11B15D825E4D8050001F1C5 /* ServeTableViewCell.xib in Resources */,
				F11B14B725E4D5DF0001F1C5 /* Main.storyboard in Resources */,
				F11B15B425E4D7830001F1C5 /* RecipeNameTableViewCell.xib in Resources */,
				F11B15AB25E4D7830001F1C5 /* AboutRecipeTableViewCell.xib in Resources */,
				F40335E628B32D02004A1314 /* Assets.xcassets in Resources */,
				F11B15B225E4D7830001F1C5 /* AddItemTableViewCell.xib in Resources */,
				F11B15B025E4D7830001F1C5 /* CookStepTableViewCell.xib in Resources */,
				F4CE112B27A261DC0041B840 /* NameTableViewCell.xib in Resources */,
				F11B15AD25E4D7830001F1C5 /* StepOfRecipeTableViewCell.xib in Resources */,
				F11B15B325E4D7830001F1C5 /* RecipeCategoryTableViewCell.xib in Resources */,
				F11B15B525E4D7830001F1C5 /* HeaderPurchaseTableViewCell.xib in Resources */,
				F11B15B625E4D7830001F1C5 /* PurchaseTableViewCell.xib in Resources */,
				F11B14B825E4D5DF0001F1C5 /* LaunchScreen.storyboard in Resources */,
				F48A2FB92782A5FE0060FEB7 /* PortionsTableViewCell.xib in Resources */,
				F48A2FB7278279120060FEB7 /* AboutNewTableViewCell.xib in Resources */,
				F11B160325EC5AFA0001F1C5 /* GoogleService-Info.plist in Resources */,
				F11B15AA25E4D7830001F1C5 /* IngredientOfRecipeTableViewCell.xib in Resources */,
				F4E71A0E2783F01E009B3AE0 /* SaveRecipeTableViewCell.xib in Resources */,
				F11B15AC25E4D7830001F1C5 /* InfoRecipeTableViewCell.xib in Resources */,
				F4CE112D27A2677B0041B840 /* EmailTableViewCell.xib in Resources */,
				F11B15B125E4D7830001F1C5 /* NewIngredientTableViewCell.xib in Resources */,
				F11B15B725E4D7830001F1C5 /* AddCustomPurchaseTableViewCell.xib in Resources */,
				F11B15AF25E4D7830001F1C5 /* CookTimeTableViewCell.xib in Resources */,
			);
			runOnlyForDeploymentPostprocessing = 0;
		};
		F1409C4D25E4CC7800846534 /* Resources */ = {
			isa = PBXResourcesBuildPhase;
			buildActionMask = 2147483647;
			files = (
			);
			runOnlyForDeploymentPostprocessing = 0;
		};
		F1409C5825E4CC7800846534 /* Resources */ = {
			isa = PBXResourcesBuildPhase;
			buildActionMask = 2147483647;
			files = (
			);
			runOnlyForDeploymentPostprocessing = 0;
		};
/* End PBXResourcesBuildPhase section */

/* Begin PBXShellScriptBuildPhase section */
		0946655E0A576B21ECAED73F /* [CP] Embed Pods Frameworks */ = {
			isa = PBXShellScriptBuildPhase;
			buildActionMask = 2147483647;
			files = (
			);
			inputFileListPaths = (
				"${PODS_ROOT}/Target Support Files/Pods-foodmonster/Pods-foodmonster-frameworks-${CONFIGURATION}-input-files.xcfilelist",
			);
			name = "[CP] Embed Pods Frameworks";
			outputFileListPaths = (
				"${PODS_ROOT}/Target Support Files/Pods-foodmonster/Pods-foodmonster-frameworks-${CONFIGURATION}-output-files.xcfilelist",
			);
			runOnlyForDeploymentPostprocessing = 0;
			shellPath = /bin/sh;
			shellScript = "\"${PODS_ROOT}/Target Support Files/Pods-foodmonster/Pods-foodmonster-frameworks.sh\"\n";
			showEnvVarsInLog = 0;
		};
		681C4945BF43E28471EA6842 /* [CP] Check Pods Manifest.lock */ = {
			isa = PBXShellScriptBuildPhase;
			buildActionMask = 2147483647;
			files = (
			);
			inputFileListPaths = (
			);
			inputPaths = (
				"${PODS_PODFILE_DIR_PATH}/Podfile.lock",
				"${PODS_ROOT}/Manifest.lock",
			);
			name = "[CP] Check Pods Manifest.lock";
			outputFileListPaths = (
			);
			outputPaths = (
				"$(DERIVED_FILE_DIR)/Pods-foodmonster-checkManifestLockResult.txt",
			);
			runOnlyForDeploymentPostprocessing = 0;
			shellPath = /bin/sh;
			shellScript = "diff \"${PODS_PODFILE_DIR_PATH}/Podfile.lock\" \"${PODS_ROOT}/Manifest.lock\" > /dev/null\nif [ $? != 0 ] ; then\n    # print error to STDERR\n    echo \"error: The sandbox is not in sync with the Podfile.lock. Run 'pod install' or update your CocoaPods installation.\" >&2\n    exit 1\nfi\n# This output is used by Xcode 'outputs' to avoid re-running this script phase.\necho \"SUCCESS\" > \"${SCRIPT_OUTPUT_FILE_0}\"\n";
			showEnvVarsInLog = 0;
		};
/* End PBXShellScriptBuildPhase section */

/* Begin PBXSourcesBuildPhase section */
		F1409C3225E4CC7700846534 /* Sources */ = {
			isa = PBXSourcesBuildPhase;
			buildActionMask = 2147483647;
			files = (
				F11B152825E4D6080001F1C5 /* CathegoryTableViewCell.swift in Sources */,
				F11B153D25E4D6080001F1C5 /* NewRecipeTableViewController.swift in Sources */,
				F11B151525E4D6080001F1C5 /* IngredientTableViewCellViewModelProtocol.swift in Sources */,
				F1409C4425E4CC7700846534 /* foodmonster.xcdatamodeld in Sources */,
				F4E71A16278A7058009B3AE0 /* FirebaseStorageServiceManager.swift in Sources */,
				F11B151225E4D6080001F1C5 /* Seque.swift in Sources */,
				F11B151125E4D6080001F1C5 /* MainMenu.swift in Sources */,
				F4B0B644279519C200BE9964 /* UIViewController.swift in Sources */,
				F11B153925E4D6080001F1C5 /* MainMenuCollectionViewController.swift in Sources */,
				F48A2FB3277D37010060FEB7 /* AboutNewRecipeViewController.swift in Sources */,
				F48A2FAF277ADC610060FEB7 /* NewStepTableViewCellViewModel.swift in Sources */,
				F4E71A12278545D2009B3AE0 /* FoodStorage.swift in Sources */,
				F11B151425E4D6080001F1C5 /* FoodPurchaseTableViewCellViewModelProtocol.swift in Sources */,
				F11B152525E4D6080001F1C5 /* PurchaseTableViewController.swift in Sources */,
				F48A2FAD277ADC1B0060FEB7 /* NewIngredientTableViewCellViewModel.swift in Sources */,
				F11B152E25E4D6080001F1C5 /* CookStepTableViewCell.swift in Sources */,
				F180D3B4298E183B00F7B69D /* UIImageView.swift in Sources */,
				F48A2FBB2782A7A60060FEB7 /* PortionsTableViewCell.swift in Sources */,
				F11B154825E4D6080001F1C5 /* PurchaseTableViewViewModel.swift in Sources */,
				F11B151825E4D6080001F1C5 /* StepOfRecipeTableViewCellViewModelProtocol.swift in Sources */,
				F48A2FB1277C06670060FEB7 /* AboutNewRecipeTableViewCell.swift in Sources */,
				F11B154525E4D6080001F1C5 /* RecipeTableViewCellViewModel.swift in Sources */,
				F11B154725E4D6080001F1C5 /* RecipeDetailsTableViewViewModel.swift in Sources */,
				F4E71A1027854291009B3AE0 /* ImageModel.swift in Sources */,
				F11B152625E4D6080001F1C5 /* NewStepViewController.swift in Sources */,
				F4B0B646279668E700BE9964 /* PurchaseFood.swift in Sources */,
				F11B152425E4D6080001F1C5 /* RecipeDetailTableViewController.swift in Sources */,
				F11B154125E4D6080001F1C5 /* CategoryTableViewViewModel.swift in Sources */,
				F48A2FA5277AD5960060FEB7 /* NewRecipeTableViewCellViewModelProtocol.swift in Sources */,
				F11B153425E4D6080001F1C5 /* InfoRecipeTableViewCell.swift in Sources */,
				F48A2FA32771842E0060FEB7 /* StepModel.swift in Sources */,
				F11B152125E4D6080001F1C5 /* Step.swift in Sources */,
				F445BB40274C7ADB00929CA6 /* Image.swift in Sources */,
				F48A2FA7277AD6AA0060FEB7 /* NewRecipeTableViewCellViewModel.swift in Sources */,
				F4B0B648279768EF00BE9964 /* ProfileTableViewViewModel.swift in Sources */,
				F11B152A25E4D6080001F1C5 /* NewIngredientTableViewCell.swift in Sources */,
				F11B153A25E4D6080001F1C5 /* NewIngredientViewController.swift in Sources */,
				F11B152D25E4D6080001F1C5 /* AddItemTableViewCell.swift in Sources */,
				F456D43C279FB28A0001C8BD /* UserProfileCellViewModel.swift in Sources */,
				F11B153725E4D6080001F1C5 /* MainMenuCollectionViewCell.swift in Sources */,
				F11B152225E4D6080001F1C5 /* Food.swift in Sources */,
				F435C7B427A8A396000F5DA6 /* AccountType.swift in Sources */,
				F4CE112F27A2693C0041B840 /* ChangeEmailViewController.swift in Sources */,
				F48A2FA9277ADB3C0060FEB7 /* NewIngredientTableViewCellViewModelProtocol.swift in Sources */,
				F180D3B6298F1B5200F7B69D /* GradientView.swift in Sources */,
				F11B153125E4D6080001F1C5 /* HeaderPurchaseTableViewCell.swift in Sources */,
				F48A2FBF2782CB9C0060FEB7 /* NameTimeViewController.swift in Sources */,
				F48A2F9F2771840C0060FEB7 /* RecipeModel.swift in Sources */,
				F11B152B25E4D6080001F1C5 /* CookTimeTableViewCell.swift in Sources */,
				F11B153C25E4D6080001F1C5 /* LoginViewController.swift in Sources */,
				F456D44127A245430001C8BD /* EmailTableViewCell.swift in Sources */,
				F11B150F25E4D6080001F1C5 /* Cells.swift in Sources */,
				F11B151F25E4D6080001F1C5 /* Recipe.swift in Sources */,
				F11B153325E4D6080001F1C5 /* ServeTableViewCell.swift in Sources */,
				F11B153825E4D6080001F1C5 /* MyRecipesTableViewController.swift in Sources */,
				F11B154425E4D6080001F1C5 /* StepOfRecipeTableViewCellViewModel.swift in Sources */,
				F456D43F27A242D30001C8BD /* NameTableViewCell.swift in Sources */,
				F133E4BC25EC64940058D544 /* LaunchViewController.swift in Sources */,
				F11B153B25E4D6080001F1C5 /* HeaderDetailRecipeTableView.swift in Sources */,
				F11B152C25E4D6080001F1C5 /* RecipeCategoryTableViewCell.swift in Sources */,
				F11B153225E4D6080001F1C5 /* StepOfRecipeTableViewCell.swift in Sources */,
				F49FA8FD278CA2AA002A7F8C /* GlobalVariable.swift in Sources */,
				F11B154025E4D6080001F1C5 /* AuthanticateManager.swift in Sources */,
				F11B153625E4D6080001F1C5 /* AboutRecipeTableViewCell.swift in Sources */,
				F11B14A525E4D5950001F1C5 /* AppTabBar.swift in Sources */,
				F11B14A425E4D5950001F1C5 /* Constant.swift in Sources */,
				F11B14A625E4D5950001F1C5 /* TabBarViewController.swift in Sources */,
				F11B151625E4D6080001F1C5 /* HeaderPurchaseTableViewCellViewModelProtocol.swift in Sources */,
				F11B154925E4D6080001F1C5 /* NewRecipeTableViewViewModel.swift in Sources */,
				F11B153E25E4D6080001F1C5 /* CategoryTableViewController.swift in Sources */,
				F11B154625E4D6080001F1C5 /* HeaderPurchaseTableViewCellViewModel.swift in Sources */,
				F11B152F25E4D6080001F1C5 /* RecipeNameTableViewCell.swift in Sources */,
				F11B151725E4D6080001F1C5 /* RecipeTableViewCellViewModelProtocol.swift in Sources */,
				F133E4B725EC617F0058D544 /* CustomRegisterViewController.swift in Sources */,
				F11B152325E4D6080001F1C5 /* Credentials.swift in Sources */,
				F11B153025E4D6080001F1C5 /* FoodPurchaseTableViewCell.swift in Sources */,
				F48A2FAB277ADBB60060FEB7 /* NewStepTableViewCellViewModelProtocol.swift in Sources */,
				F4E087EB279E56C600B0D54F /* NameLastNameViewController.swift in Sources */,
				F11B151025E4D6080001F1C5 /* ASCIIControlCharacter.swift in Sources */,
				F11B152025E4D6080001F1C5 /* Purchase.swift in Sources */,
				F12AB7D129989F4B0092D5DB /* WrapedRecipe.swift in Sources */,
				F1409C3A25E4CC7700846534 /* AppDelegate.swift in Sources */,
				F48A2FA1277184230060FEB7 /* FoodModel.swift in Sources */,
				F133E4CF25ECAB180058D544 /* ProfileTableViewController.swift in Sources */,
				F13A81F1298961BA003D5E12 /* RecipeError.swift in Sources */,
				F11B152925E4D6080001F1C5 /* MyRecipesTableViewCell.swift in Sources */,
				F445BB4227530ECE00929CA6 /* Filter.swift in Sources */,
				F11B153F25E4D6080001F1C5 /* DataNetworkManager.swift in Sources */,
				F12AB7CF299846190092D5DB /* ResetPasswordViewController.swift in Sources */,
				F11B154225E4D6080001F1C5 /* FoodPurchaseTableViewCellViewModel.swift in Sources */,
				F49FA8FF278CF491002A7F8C /* PurchaseModel.swift in Sources */,
				F1409C3C25E4CC7700846534 /* SceneDelegate.swift in Sources */,
				F11B152725E4D6080001F1C5 /* RecipeDetailTableViewCell.swift in Sources */,
				F4E71A142785502A009B3AE0 /* Product.swift in Sources */,
				F18737C4298226B200385A56 /* Anon.swift in Sources */,
				F475BE8627B0C9A40033C4EE /* ChangePasswordViewController.swift in Sources */,
				F11B153525E4D6080001F1C5 /* IngredientOfRecipeTableViewCell.swift in Sources */,
				F435C7B627A8B8D4000F5DA6 /* NewPersonalItemViewController.swift in Sources */,
				F11B154325E4D6080001F1C5 /* IngredientTableViewCellViewModel.swift in Sources */,
				F4AF68D1275F2970008ED312 /* SaveRecipeTableViewCell.swift in Sources */,
				F133E4C425EC83C80058D544 /* User.swift in Sources */,
				F445BB3E274C735800929CA6 /* FilterCriteria.swift in Sources */,
				F445BB3C274B4C2C00929CA6 /* Network.swift in Sources */,
			);
			runOnlyForDeploymentPostprocessing = 0;
		};
		F1409C4B25E4CC7800846534 /* Sources */ = {
			isa = PBXSourcesBuildPhase;
			buildActionMask = 2147483647;
			files = (
				F1409C5425E4CC7800846534 /* foodmonsterTests.swift in Sources */,
				F11B15E425E4D9320001F1C5 /* ModelTests.swift in Sources */,
			);
			runOnlyForDeploymentPostprocessing = 0;
		};
		F1409C5625E4CC7800846534 /* Sources */ = {
			isa = PBXSourcesBuildPhase;
			buildActionMask = 2147483647;
			files = (
				F1409C5F25E4CC7800846534 /* foodmonsterUITests.swift in Sources */,
			);
			runOnlyForDeploymentPostprocessing = 0;
		};
/* End PBXSourcesBuildPhase section */

/* Begin PBXTargetDependency section */
		F1409C5125E4CC7800846534 /* PBXTargetDependency */ = {
			isa = PBXTargetDependency;
			target = F1409C3525E4CC7700846534 /* foodmonster */;
			targetProxy = F1409C5025E4CC7800846534 /* PBXContainerItemProxy */;
		};
		F1409C5C25E4CC7800846534 /* PBXTargetDependency */ = {
			isa = PBXTargetDependency;
			target = F1409C3525E4CC7700846534 /* foodmonster */;
			targetProxy = F1409C5B25E4CC7800846534 /* PBXContainerItemProxy */;
		};
/* End PBXTargetDependency section */

/* Begin XCBuildConfiguration section */
		F1409C6125E4CC7800846534 /* Debug */ = {
			isa = XCBuildConfiguration;
			buildSettings = {
				ALWAYS_SEARCH_USER_PATHS = NO;
				CLANG_ANALYZER_NONNULL = YES;
				CLANG_ANALYZER_NUMBER_OBJECT_CONVERSION = YES_AGGRESSIVE;
				CLANG_CXX_LANGUAGE_STANDARD = "gnu++14";
				CLANG_CXX_LIBRARY = "libc++";
				CLANG_ENABLE_MODULES = YES;
				CLANG_ENABLE_OBJC_ARC = YES;
				CLANG_ENABLE_OBJC_WEAK = YES;
				CLANG_WARN_BLOCK_CAPTURE_AUTORELEASING = YES;
				CLANG_WARN_BOOL_CONVERSION = YES;
				CLANG_WARN_COMMA = YES;
				CLANG_WARN_CONSTANT_CONVERSION = YES;
				CLANG_WARN_DEPRECATED_OBJC_IMPLEMENTATIONS = YES;
				CLANG_WARN_DIRECT_OBJC_ISA_USAGE = YES_ERROR;
				CLANG_WARN_DOCUMENTATION_COMMENTS = YES;
				CLANG_WARN_EMPTY_BODY = YES;
				CLANG_WARN_ENUM_CONVERSION = YES;
				CLANG_WARN_INFINITE_RECURSION = YES;
				CLANG_WARN_INT_CONVERSION = YES;
				CLANG_WARN_NON_LITERAL_NULL_CONVERSION = YES;
				CLANG_WARN_OBJC_IMPLICIT_RETAIN_SELF = YES;
				CLANG_WARN_OBJC_LITERAL_CONVERSION = YES;
				CLANG_WARN_OBJC_ROOT_CLASS = YES_ERROR;
				CLANG_WARN_QUOTED_INCLUDE_IN_FRAMEWORK_HEADER = YES;
				CLANG_WARN_RANGE_LOOP_ANALYSIS = YES;
				CLANG_WARN_STRICT_PROTOTYPES = YES;
				CLANG_WARN_SUSPICIOUS_MOVE = YES;
				CLANG_WARN_UNGUARDED_AVAILABILITY = YES_AGGRESSIVE;
				CLANG_WARN_UNREACHABLE_CODE = YES;
				CLANG_WARN__DUPLICATE_METHOD_MATCH = YES;
				COPY_PHASE_STRIP = NO;
				DEBUG_INFORMATION_FORMAT = dwarf;
				ENABLE_STRICT_OBJC_MSGSEND = YES;
				ENABLE_TESTABILITY = YES;
				GCC_C_LANGUAGE_STANDARD = gnu11;
				GCC_DYNAMIC_NO_PIC = NO;
				GCC_NO_COMMON_BLOCKS = YES;
				GCC_OPTIMIZATION_LEVEL = 0;
				GCC_PREPROCESSOR_DEFINITIONS = (
					"DEBUG=1",
					"$(inherited)",
				);
				GCC_WARN_64_TO_32_BIT_CONVERSION = YES;
				GCC_WARN_ABOUT_RETURN_TYPE = YES_ERROR;
				GCC_WARN_UNDECLARED_SELECTOR = YES;
				GCC_WARN_UNINITIALIZED_AUTOS = YES_AGGRESSIVE;
				GCC_WARN_UNUSED_FUNCTION = YES;
				GCC_WARN_UNUSED_VARIABLE = YES;
				IPHONEOS_DEPLOYMENT_TARGET = 13.0;
				MTL_ENABLE_DEBUG_INFO = INCLUDE_SOURCE;
				MTL_FAST_MATH = YES;
				ONLY_ACTIVE_ARCH = YES;
				SDKROOT = iphoneos;
				SWIFT_ACTIVE_COMPILATION_CONDITIONS = DEBUG;
				SWIFT_OPTIMIZATION_LEVEL = "-Onone";
			};
			name = Debug;
		};
		F1409C6225E4CC7800846534 /* Release */ = {
			isa = XCBuildConfiguration;
			buildSettings = {
				ALWAYS_SEARCH_USER_PATHS = NO;
				CLANG_ANALYZER_NONNULL = YES;
				CLANG_ANALYZER_NUMBER_OBJECT_CONVERSION = YES_AGGRESSIVE;
				CLANG_CXX_LANGUAGE_STANDARD = "gnu++14";
				CLANG_CXX_LIBRARY = "libc++";
				CLANG_ENABLE_MODULES = YES;
				CLANG_ENABLE_OBJC_ARC = YES;
				CLANG_ENABLE_OBJC_WEAK = YES;
				CLANG_WARN_BLOCK_CAPTURE_AUTORELEASING = YES;
				CLANG_WARN_BOOL_CONVERSION = YES;
				CLANG_WARN_COMMA = YES;
				CLANG_WARN_CONSTANT_CONVERSION = YES;
				CLANG_WARN_DEPRECATED_OBJC_IMPLEMENTATIONS = YES;
				CLANG_WARN_DIRECT_OBJC_ISA_USAGE = YES_ERROR;
				CLANG_WARN_DOCUMENTATION_COMMENTS = YES;
				CLANG_WARN_EMPTY_BODY = YES;
				CLANG_WARN_ENUM_CONVERSION = YES;
				CLANG_WARN_INFINITE_RECURSION = YES;
				CLANG_WARN_INT_CONVERSION = YES;
				CLANG_WARN_NON_LITERAL_NULL_CONVERSION = YES;
				CLANG_WARN_OBJC_IMPLICIT_RETAIN_SELF = YES;
				CLANG_WARN_OBJC_LITERAL_CONVERSION = YES;
				CLANG_WARN_OBJC_ROOT_CLASS = YES_ERROR;
				CLANG_WARN_QUOTED_INCLUDE_IN_FRAMEWORK_HEADER = YES;
				CLANG_WARN_RANGE_LOOP_ANALYSIS = YES;
				CLANG_WARN_STRICT_PROTOTYPES = YES;
				CLANG_WARN_SUSPICIOUS_MOVE = YES;
				CLANG_WARN_UNGUARDED_AVAILABILITY = YES_AGGRESSIVE;
				CLANG_WARN_UNREACHABLE_CODE = YES;
				CLANG_WARN__DUPLICATE_METHOD_MATCH = YES;
				COPY_PHASE_STRIP = NO;
				DEBUG_INFORMATION_FORMAT = "dwarf-with-dsym";
				ENABLE_NS_ASSERTIONS = NO;
				ENABLE_STRICT_OBJC_MSGSEND = YES;
				GCC_C_LANGUAGE_STANDARD = gnu11;
				GCC_NO_COMMON_BLOCKS = YES;
				GCC_WARN_64_TO_32_BIT_CONVERSION = YES;
				GCC_WARN_ABOUT_RETURN_TYPE = YES_ERROR;
				GCC_WARN_UNDECLARED_SELECTOR = YES;
				GCC_WARN_UNINITIALIZED_AUTOS = YES_AGGRESSIVE;
				GCC_WARN_UNUSED_FUNCTION = YES;
				GCC_WARN_UNUSED_VARIABLE = YES;
				IPHONEOS_DEPLOYMENT_TARGET = 13.0;
				MTL_ENABLE_DEBUG_INFO = NO;
				MTL_FAST_MATH = YES;
				SDKROOT = iphoneos;
				SWIFT_COMPILATION_MODE = wholemodule;
				SWIFT_OPTIMIZATION_LEVEL = "-O";
				VALIDATE_PRODUCT = YES;
			};
			name = Release;
		};
		F1409C6425E4CC7800846534 /* Debug */ = {
			isa = XCBuildConfiguration;
			baseConfigurationReference = A544012D91B39E9CB5D89B77 /* Pods-foodmonster.debug.xcconfig */;
			buildSettings = {
				ASSETCATALOG_COMPILER_APPICON_NAME = AppIcon;
				ASSETCATALOG_COMPILER_GLOBAL_ACCENT_COLOR_NAME = AccentColor;
				CODE_SIGN_ENTITLEMENTS = foodmonster/foodmonster.entitlements;
				CODE_SIGN_STYLE = Automatic;
				DEVELOPMENT_TEAM = 4NW94WU93C;
				INFOPLIST_FILE = foodmonster/Info.plist;
				INFOPLIST_KEY_CFBundleDisplayName = Foodie;
				INFOPLIST_KEY_LSApplicationCategoryType = "public.app-category.food-and-drink";
				IPHONEOS_DEPLOYMENT_TARGET = 13.0;
				LD_RUNPATH_SEARCH_PATHS = (
					"$(inherited)",
					"@executable_path/Frameworks",
				);
				PRODUCT_BUNDLE_IDENTIFIER = com.foodcrunch.foodmonster;
				PRODUCT_NAME = "$(TARGET_NAME)";
				SWIFT_VERSION = 5.0;
				TARGETED_DEVICE_FAMILY = 1;
			};
			name = Debug;
		};
		F1409C6525E4CC7800846534 /* Release */ = {
			isa = XCBuildConfiguration;
			baseConfigurationReference = 473F430E2730B8841D41B7A2 /* Pods-foodmonster.release.xcconfig */;
			buildSettings = {
				ASSETCATALOG_COMPILER_APPICON_NAME = AppIcon;
				ASSETCATALOG_COMPILER_GLOBAL_ACCENT_COLOR_NAME = AccentColor;
				CODE_SIGN_ENTITLEMENTS = foodmonster/foodmonster.entitlements;
				CODE_SIGN_STYLE = Automatic;
				DEVELOPMENT_TEAM = 4NW94WU93C;
				INFOPLIST_FILE = foodmonster/Info.plist;
				INFOPLIST_KEY_CFBundleDisplayName = Foodie;
				INFOPLIST_KEY_LSApplicationCategoryType = "public.app-category.food-and-drink";
				IPHONEOS_DEPLOYMENT_TARGET = 13.0;
				LD_RUNPATH_SEARCH_PATHS = (
					"$(inherited)",
					"@executable_path/Frameworks",
				);
				PRODUCT_BUNDLE_IDENTIFIER = com.foodcrunch.foodmonster;
				PRODUCT_NAME = "$(TARGET_NAME)";
				SWIFT_VERSION = 5.0;
				TARGETED_DEVICE_FAMILY = 1;
			};
			name = Release;
		};
		F1409C6725E4CC7800846534 /* Debug */ = {
			isa = XCBuildConfiguration;
			buildSettings = {
				ALWAYS_EMBED_SWIFT_STANDARD_LIBRARIES = YES;
				BUNDLE_LOADER = "$(TEST_HOST)";
				CODE_SIGN_STYLE = Automatic;
				INFOPLIST_FILE = foodmonsterTests/Info.plist;
				IPHONEOS_DEPLOYMENT_TARGET = 14.4;
				LD_RUNPATH_SEARCH_PATHS = (
					"$(inherited)",
					"@executable_path/Frameworks",
					"@loader_path/Frameworks",
				);
				PRODUCT_BUNDLE_IDENTIFIER = com.foodcrunch.foodmonsterTests;
				PRODUCT_NAME = "$(TARGET_NAME)";
				SWIFT_VERSION = 5.0;
				TARGETED_DEVICE_FAMILY = "1,2";
				TEST_HOST = "$(BUILT_PRODUCTS_DIR)/foodmonster.app/foodmonster";
			};
			name = Debug;
		};
		F1409C6825E4CC7800846534 /* Release */ = {
			isa = XCBuildConfiguration;
			buildSettings = {
				ALWAYS_EMBED_SWIFT_STANDARD_LIBRARIES = YES;
				BUNDLE_LOADER = "$(TEST_HOST)";
				CODE_SIGN_STYLE = Automatic;
				INFOPLIST_FILE = foodmonsterTests/Info.plist;
				IPHONEOS_DEPLOYMENT_TARGET = 14.4;
				LD_RUNPATH_SEARCH_PATHS = (
					"$(inherited)",
					"@executable_path/Frameworks",
					"@loader_path/Frameworks",
				);
				PRODUCT_BUNDLE_IDENTIFIER = com.foodcrunch.foodmonsterTests;
				PRODUCT_NAME = "$(TARGET_NAME)";
				SWIFT_VERSION = 5.0;
				TARGETED_DEVICE_FAMILY = "1,2";
				TEST_HOST = "$(BUILT_PRODUCTS_DIR)/foodmonster.app/foodmonster";
			};
			name = Release;
		};
		F1409C6A25E4CC7800846534 /* Debug */ = {
			isa = XCBuildConfiguration;
			buildSettings = {
				ALWAYS_EMBED_SWIFT_STANDARD_LIBRARIES = YES;
				CODE_SIGN_STYLE = Automatic;
				INFOPLIST_FILE = foodmonsterUITests/Info.plist;
				LD_RUNPATH_SEARCH_PATHS = (
					"$(inherited)",
					"@executable_path/Frameworks",
					"@loader_path/Frameworks",
				);
				PRODUCT_BUNDLE_IDENTIFIER = com.foodcrunch.foodmonsterUITests;
				PRODUCT_NAME = "$(TARGET_NAME)";
				SWIFT_VERSION = 5.0;
				TARGETED_DEVICE_FAMILY = "1,2";
				TEST_TARGET_NAME = foodmonster;
			};
			name = Debug;
		};
		F1409C6B25E4CC7800846534 /* Release */ = {
			isa = XCBuildConfiguration;
			buildSettings = {
				ALWAYS_EMBED_SWIFT_STANDARD_LIBRARIES = YES;
				CODE_SIGN_STYLE = Automatic;
				INFOPLIST_FILE = foodmonsterUITests/Info.plist;
				LD_RUNPATH_SEARCH_PATHS = (
					"$(inherited)",
					"@executable_path/Frameworks",
					"@loader_path/Frameworks",
				);
				PRODUCT_BUNDLE_IDENTIFIER = com.foodcrunch.foodmonsterUITests;
				PRODUCT_NAME = "$(TARGET_NAME)";
				SWIFT_VERSION = 5.0;
				TARGETED_DEVICE_FAMILY = "1,2";
				TEST_TARGET_NAME = foodmonster;
			};
			name = Release;
		};
/* End XCBuildConfiguration section */

/* Begin XCConfigurationList section */
		F1409C3125E4CC7700846534 /* Build configuration list for PBXProject "foodmonster" */ = {
			isa = XCConfigurationList;
			buildConfigurations = (
				F1409C6125E4CC7800846534 /* Debug */,
				F1409C6225E4CC7800846534 /* Release */,
			);
			defaultConfigurationIsVisible = 0;
			defaultConfigurationName = Release;
		};
		F1409C6325E4CC7800846534 /* Build configuration list for PBXNativeTarget "foodmonster" */ = {
			isa = XCConfigurationList;
			buildConfigurations = (
				F1409C6425E4CC7800846534 /* Debug */,
				F1409C6525E4CC7800846534 /* Release */,
			);
			defaultConfigurationIsVisible = 0;
			defaultConfigurationName = Release;
		};
		F1409C6625E4CC7800846534 /* Build configuration list for PBXNativeTarget "foodmonsterTests" */ = {
			isa = XCConfigurationList;
			buildConfigurations = (
				F1409C6725E4CC7800846534 /* Debug */,
				F1409C6825E4CC7800846534 /* Release */,
			);
			defaultConfigurationIsVisible = 0;
			defaultConfigurationName = Release;
		};
		F1409C6925E4CC7800846534 /* Build configuration list for PBXNativeTarget "foodmonsterUITests" */ = {
			isa = XCConfigurationList;
			buildConfigurations = (
				F1409C6A25E4CC7800846534 /* Debug */,
				F1409C6B25E4CC7800846534 /* Release */,
			);
			defaultConfigurationIsVisible = 0;
			defaultConfigurationName = Release;
		};
/* End XCConfigurationList section */

/* Begin XCVersionGroup section */
		F1409C4225E4CC7700846534 /* foodmonster.xcdatamodeld */ = {
			isa = XCVersionGroup;
			children = (
				F1409C4325E4CC7700846534 /* foodmonster.xcdatamodel */,
			);
			currentVersion = F1409C4325E4CC7700846534 /* foodmonster.xcdatamodel */;
			path = foodmonster.xcdatamodeld;
			sourceTree = "<group>";
			versionGroupType = wrapper.xcdatamodel;
		};
/* End XCVersionGroup section */
	};
	rootObject = F1409C2E25E4CC7700846534 /* Project object */;
}
